// !$*UTF8*$!
{
	archiveVersion = 1;
	classes = {
	};
	objectVersion = 46;
	objects = {

/* Begin PBXBuildFile section */
		4B1A04101BF9AF2100AC12F7 /* XHEmotionPageView.m in Sources */ = {isa = PBXBuildFile; fileRef = 4B1A040F1BF9AF2100AC12F7 /* XHEmotionPageView.m */; };
		4B1A04131BF9B36700AC12F7 /* XHEmotion.m in Sources */ = {isa = PBXBuildFile; fileRef = 4B1A04121BF9B36700AC12F7 /* XHEmotion.m */; };
		4B1A04161BF9BC9D00AC12F7 /* XHEmotionButton.m in Sources */ = {isa = PBXBuildFile; fileRef = 4B1A04151BF9BC9D00AC12F7 /* XHEmotionButton.m */; };
		4B1A04191BF9C1AB00AC12F7 /* XHEmotionListView.m in Sources */ = {isa = PBXBuildFile; fileRef = 4B1A04181BF9C1AB00AC12F7 /* XHEmotionListView.m */; };
		4B2C772F1BE06E5E000968E7 /* libsqlite3.dylib in Frameworks */ = {isa = PBXBuildFile; fileRef = 4B2C772E1BE06E5E000968E7 /* libsqlite3.dylib */; };
		4B2C77321BE06FE5000968E7 /* XHDataBaseManager.m in Sources */ = {isa = PBXBuildFile; fileRef = 4B2C77311BE06FE5000968E7 /* XHDataBaseManager.m */; };
		4B600E571BE9E2D80015CFD9 /* YXLDetail.m in Sources */ = {isa = PBXBuildFile; fileRef = 4B600E561BE9E2D80015CFD9 /* YXLDetail.m */; };
		4B600E591BE9E2E20015CFD9 /* YXLDetail.xib in Resources */ = {isa = PBXBuildFile; fileRef = 4B600E581BE9E2E20015CFD9 /* YXLDetail.xib */; };
		4B600E5B1BE9E3010015CFD9 /* XHAddContactController.m in Sources */ = {isa = PBXBuildFile; fileRef = 4B600E5A1BE9E3010015CFD9 /* XHAddContactController.m */; };
		4B600EBA1BEC39020015CFD9 /* Images.xcassets in Resources */ = {isa = PBXBuildFile; fileRef = 4B600EB91BEC39020015CFD9 /* Images.xcassets */; };
		4B600EBC1BEC3B560015CFD9 /* XHFeature.xib in Resources */ = {isa = PBXBuildFile; fileRef = 4B600EBB1BEC3B560015CFD9 /* XHFeature.xib */; };
		4B600EBF1BEC44230015CFD9 /* XHFeature.m in Sources */ = {isa = PBXBuildFile; fileRef = 4B600EBE1BEC44230015CFD9 /* XHFeature.m */; };
		4BAC83CB1BF42BB700D45AB3 /* RegexKitLite.m in Sources */ = {isa = PBXBuildFile; fileRef = 4BAC83CA1BF42BB700D45AB3 /* RegexKitLite.m */; settings = {COMPILER_FLAGS = "-fno-objc-arc"; }; };
		4BAC83CD1BF42CE600D45AB3 /* libicucore.dylib in Frameworks */ = {isa = PBXBuildFile; fileRef = 4BAC83CC1BF42CE600D45AB3 /* libicucore.dylib */; };
		4BAC83CF1BF58EDE00D45AB3 /* defaultEmotion.plist in Resources */ = {isa = PBXBuildFile; fileRef = 4BAC83CE1BF58EDE00D45AB3 /* defaultEmotion.plist */; };
		4BB215E91BD7669100040907 /* XHUserInfo.m in Sources */ = {isa = PBXBuildFile; fileRef = 4BB215E81BD7669100040907 /* XHUserInfo.m */; };
		4BB47F221BCF30AD009EB765 /* XHMessageListController.xib in Resources */ = {isa = PBXBuildFile; fileRef = 4BB47F211BCF30AD009EB765 /* XHMessageListController.xib */; };
		4BB47F361BCF3DE7009EB765 /* AppDelegate.m in Sources */ = {isa = PBXBuildFile; fileRef = 4BB47F351BCF3DE7009EB765 /* AppDelegate.m */; };
		4BB47F3A1BCF616B009EB765 /* XHTestViewController.m in Sources */ = {isa = PBXBuildFile; fileRef = 4BB47F391BCF616B009EB765 /* XHTestViewController.m */; };
		4BB47F3E1BCFA21B009EB765 /* XHMessageViewTableCell.m in Sources */ = {isa = PBXBuildFile; fileRef = 4BB47F3C1BCFA21B009EB765 /* XHMessageViewTableCell.m */; };
		4BB47F3F1BCFA21B009EB765 /* XHMessageViewTableCell.xib in Resources */ = {isa = PBXBuildFile; fileRef = 4BB47F3D1BCFA21B009EB765 /* XHMessageViewTableCell.xib */; };
		4BB47F491BD48152009EB765 /* XHContactTableController.m in Sources */ = {isa = PBXBuildFile; fileRef = 4BB47F461BD48152009EB765 /* XHContactTableController.m */; };
		4BB47F4A1BD48152009EB765 /* XHGroupTableController.m in Sources */ = {isa = PBXBuildFile; fileRef = 4BB47F481BD48152009EB765 /* XHGroupTableController.m */; };
		4BE7AEF71BCB888C00A1E410 /* XHGroupModel.m in Sources */ = {isa = PBXBuildFile; fileRef = 4BE7AEF61BCB888C00A1E410 /* XHGroupModel.m */; };
		4BE7AEFA1BCB9B1E00A1E410 /* XHMessageClient.m in Sources */ = {isa = PBXBuildFile; fileRef = 4BE7AEF91BCB9B1E00A1E410 /* XHMessageClient.m */; };
		4BE7AEFD1BCBA01100A1E410 /* XHChatBean.m in Sources */ = {isa = PBXBuildFile; fileRef = 4BE7AEFC1BCBA01100A1E410 /* XHChatBean.m */; };
		4BE7AF001BCBAEF200A1E410 /* XHMessageViewController.m in Sources */ = {isa = PBXBuildFile; fileRef = 4BE7AEFF1BCBAEF200A1E410 /* XHMessageViewController.m */; };
		4BE7AF031BCBAF4600A1E410 /* XHMessageListController.m in Sources */ = {isa = PBXBuildFile; fileRef = 4BE7AF021BCBAF4600A1E410 /* XHMessageListController.m */; };
		4BE7AF061BCBB07200A1E410 /* XHMessageFrame.m in Sources */ = {isa = PBXBuildFile; fileRef = 4BE7AF051BCBB07200A1E410 /* XHMessageFrame.m */; };
		4BE7AF091BCBB0CC00A1E410 /* XHMessageCell.m in Sources */ = {isa = PBXBuildFile; fileRef = 4BE7AF081BCBB0CC00A1E410 /* XHMessageCell.m */; };
		4BE7AF101BCBB3EC00A1E410 /* NSString+XHNSStringExt.m in Sources */ = {isa = PBXBuildFile; fileRef = 4BE7AF0F1BCBB3EC00A1E410 /* NSString+XHNSStringExt.m */; };
		4BE983041BA2CBFB00B62F51 /* IMForIOSTests.m in Sources */ = {isa = PBXBuildFile; fileRef = 4BE983031BA2CBFB00B62F51 /* IMForIOSTests.m */; };
		4BEED3071BBA7D6700F3A64D /* XHContactViewController.m in Sources */ = {isa = PBXBuildFile; fileRef = 4BEED2D41BBA7D6700F3A64D /* XHContactViewController.m */; };
		4BEED3081BBA7D6700F3A64D /* XHContactModel.m in Sources */ = {isa = PBXBuildFile; fileRef = 4BEED2D71BBA7D6700F3A64D /* XHContactModel.m */; };
		4BEED30B1BBA7D6700F3A64D /* XHContactTableViewCell.m in Sources */ = {isa = PBXBuildFile; fileRef = 4BEED2DD1BBA7D6700F3A64D /* XHContactTableViewCell.m */; };
		4BEED30C1BBA7D6700F3A64D /* XHContactTableViewCell.xib in Resources */ = {isa = PBXBuildFile; fileRef = 4BEED2DE1BBA7D6700F3A64D /* XHContactTableViewCell.xib */; };
		4BEED3101BBA7D6700F3A64D /* UIBarButtonItem+Extension.m in Sources */ = {isa = PBXBuildFile; fileRef = 4BEED2E71BBA7D6700F3A64D /* UIBarButtonItem+Extension.m */; };
		4BEED3131BBA7D6700F3A64D /* main.m in Sources */ = {isa = PBXBuildFile; fileRef = 4BEED2EE1BBA7D6700F3A64D /* main.m */; };
		4BEED3141BBA7D6700F3A64D /* Main.storyboard in Resources */ = {isa = PBXBuildFile; fileRef = 4BEED2EF1BBA7D6700F3A64D /* Main.storyboard */; };
		4BEED31A1BBA7D6700F3A64D /* XHMyselfViewController.m in Sources */ = {isa = PBXBuildFile; fileRef = 4BEED3041BBA7D6700F3A64D /* XHMyselfViewController.m */; };
		4BEED3221BBA7EE900F3A64D /* ViewController.m in Sources */ = {isa = PBXBuildFile; fileRef = 4BEED31D1BBA7EE900F3A64D /* ViewController.m */; };
		4BEED3231BBA7EE900F3A64D /* XHNavigationViewController.m in Sources */ = {isa = PBXBuildFile; fileRef = 4BEED31F1BBA7EE900F3A64D /* XHNavigationViewController.m */; };
		4BEED3241BBA7EE900F3A64D /* XHTabViewController.m in Sources */ = {isa = PBXBuildFile; fileRef = 4BEED3211BBA7EE900F3A64D /* XHTabViewController.m */; };
		4BEED3281BBA7EF300F3A64D /* XHAsyncSocketClient.m in Sources */ = {isa = PBXBuildFile; fileRef = 4BEED3271BBA7EF300F3A64D /* XHAsyncSocketClient.m */; };
		4BEFA9291BF16FD500C71D36 /* AsyncSocket.m in Sources */ = {isa = PBXBuildFile; fileRef = 4BEFA9261BF16FD500C71D36 /* AsyncSocket.m */; };
		4BEFA92A1BF16FD500C71D36 /* AsyncUdpSocket.m in Sources */ = {isa = PBXBuildFile; fileRef = 4BEFA9281BF16FD500C71D36 /* AsyncUdpSocket.m */; };
		4BEFA9AF1BF16FDF00C71D36 /* FMDatabase.m in Sources */ = {isa = PBXBuildFile; fileRef = 4BEFA92D1BF16FDE00C71D36 /* FMDatabase.m */; };
		4BEFA9B01BF16FDF00C71D36 /* FMDatabaseAdditions.m in Sources */ = {isa = PBXBuildFile; fileRef = 4BEFA92F1BF16FDE00C71D36 /* FMDatabaseAdditions.m */; };
		4BEFA9B11BF16FDF00C71D36 /* FMDatabasePool.m in Sources */ = {isa = PBXBuildFile; fileRef = 4BEFA9311BF16FDE00C71D36 /* FMDatabasePool.m */; };
		4BEFA9B21BF16FDF00C71D36 /* FMDatabaseQueue.m in Sources */ = {isa = PBXBuildFile; fileRef = 4BEFA9331BF16FDE00C71D36 /* FMDatabaseQueue.m */; };
		4BEFA9B31BF16FDF00C71D36 /* FMResultSet.m in Sources */ = {isa = PBXBuildFile; fileRef = 4BEFA9361BF16FDE00C71D36 /* FMResultSet.m */; };
		4BEFA9B41BF16FDF00C71D36 /* MASCompositeConstraint.m in Sources */ = {isa = PBXBuildFile; fileRef = 4BEFA9391BF16FDE00C71D36 /* MASCompositeConstraint.m */; };
		4BEFA9B51BF16FDF00C71D36 /* MASConstraint.m in Sources */ = {isa = PBXBuildFile; fileRef = 4BEFA93C1BF16FDE00C71D36 /* MASConstraint.m */; };
		4BEFA9B61BF16FDF00C71D36 /* MASConstraintMaker.m in Sources */ = {isa = PBXBuildFile; fileRef = 4BEFA93E1BF16FDE00C71D36 /* MASConstraintMaker.m */; };
		4BEFA9B71BF16FDF00C71D36 /* MASLayoutConstraint.m in Sources */ = {isa = PBXBuildFile; fileRef = 4BEFA9401BF16FDE00C71D36 /* MASLayoutConstraint.m */; };
		4BEFA9B81BF16FDF00C71D36 /* MASViewAttribute.m in Sources */ = {isa = PBXBuildFile; fileRef = 4BEFA9441BF16FDE00C71D36 /* MASViewAttribute.m */; };
		4BEFA9B91BF16FDF00C71D36 /* MASViewConstraint.m in Sources */ = {isa = PBXBuildFile; fileRef = 4BEFA9461BF16FDE00C71D36 /* MASViewConstraint.m */; };
		4BEFA9BA1BF16FDF00C71D36 /* NSArray+MASAdditions.m in Sources */ = {isa = PBXBuildFile; fileRef = 4BEFA9481BF16FDE00C71D36 /* NSArray+MASAdditions.m */; };
		4BEFA9BB1BF16FDF00C71D36 /* NSLayoutConstraint+MASDebugAdditions.m in Sources */ = {isa = PBXBuildFile; fileRef = 4BEFA94B1BF16FDE00C71D36 /* NSLayoutConstraint+MASDebugAdditions.m */; };
		4BEFA9BC1BF16FDF00C71D36 /* View+MASAdditions.m in Sources */ = {isa = PBXBuildFile; fileRef = 4BEFA94D1BF16FDE00C71D36 /* View+MASAdditions.m */; };
		4BEFA9BD1BF16FDF00C71D36 /* MBProgressHUD+HM.m in Sources */ = {isa = PBXBuildFile; fileRef = 4BEFA9511BF16FDE00C71D36 /* MBProgressHUD+HM.m */; };
		4BEFA9BE1BF16FDF00C71D36 /* MBProgressHUD.bundle in Resources */ = {isa = PBXBuildFile; fileRef = 4BEFA9521BF16FDE00C71D36 /* MBProgressHUD.bundle */; };
		4BEFA9BF1BF16FDF00C71D36 /* MBProgressHUD.m in Sources */ = {isa = PBXBuildFile; fileRef = 4BEFA9541BF16FDE00C71D36 /* MBProgressHUD.m */; };
		4BEFA9C01BF16FDF00C71D36 /* MJDictionaryCache.m in Sources */ = {isa = PBXBuildFile; fileRef = 4BEFA9571BF16FDE00C71D36 /* MJDictionaryCache.m */; };
		4BEFA9C11BF16FDF00C71D36 /* MJExtensionConst.m in Sources */ = {isa = PBXBuildFile; fileRef = 4BEFA95A1BF16FDE00C71D36 /* MJExtensionConst.m */; };
		4BEFA9C21BF16FDF00C71D36 /* MJFoundation.m in Sources */ = {isa = PBXBuildFile; fileRef = 4BEFA95C1BF16FDE00C71D36 /* MJFoundation.m */; };
		4BEFA9C31BF16FDF00C71D36 /* MJProperty.m in Sources */ = {isa = PBXBuildFile; fileRef = 4BEFA95E1BF16FDE00C71D36 /* MJProperty.m */; };
		4BEFA9C41BF16FDF00C71D36 /* MJPropertyKey.m in Sources */ = {isa = PBXBuildFile; fileRef = 4BEFA9601BF16FDE00C71D36 /* MJPropertyKey.m */; };
		4BEFA9C51BF16FDF00C71D36 /* MJPropertyType.m in Sources */ = {isa = PBXBuildFile; fileRef = 4BEFA9621BF16FDE00C71D36 /* MJPropertyType.m */; };
		4BEFA9C61BF16FDF00C71D36 /* NSObject+MJClass.m in Sources */ = {isa = PBXBuildFile; fileRef = 4BEFA9641BF16FDE00C71D36 /* NSObject+MJClass.m */; };
		4BEFA9C71BF16FDF00C71D36 /* NSObject+MJCoding.m in Sources */ = {isa = PBXBuildFile; fileRef = 4BEFA9661BF16FDE00C71D36 /* NSObject+MJCoding.m */; };
		4BEFA9C81BF16FDF00C71D36 /* NSObject+MJKeyValue.m in Sources */ = {isa = PBXBuildFile; fileRef = 4BEFA9681BF16FDE00C71D36 /* NSObject+MJKeyValue.m */; };
		4BEFA9C91BF16FDF00C71D36 /* NSObject+MJProperty.m in Sources */ = {isa = PBXBuildFile; fileRef = 4BEFA96A1BF16FDE00C71D36 /* NSObject+MJProperty.m */; };
		4BEFA9CA1BF16FDF00C71D36 /* NSString+MJExtension.m in Sources */ = {isa = PBXBuildFile; fileRef = 4BEFA96C1BF16FDE00C71D36 /* NSString+MJExtension.m */; };
		4BEFA9CB1BF16FDF00C71D36 /* MJRefreshAutoFooter.m in Sources */ = {isa = PBXBuildFile; fileRef = 4BEFA9701BF16FDE00C71D36 /* MJRefreshAutoFooter.m */; };
		4BEFA9CC1BF16FDF00C71D36 /* MJRefreshBackFooter.m in Sources */ = {isa = PBXBuildFile; fileRef = 4BEFA9721BF16FDE00C71D36 /* MJRefreshBackFooter.m */; };
		4BEFA9CD1BF16FDF00C71D36 /* MJRefreshComponent.m in Sources */ = {isa = PBXBuildFile; fileRef = 4BEFA9741BF16FDE00C71D36 /* MJRefreshComponent.m */; };
		4BEFA9CE1BF16FDF00C71D36 /* MJRefreshFooter.m in Sources */ = {isa = PBXBuildFile; fileRef = 4BEFA9761BF16FDE00C71D36 /* MJRefreshFooter.m */; };
		4BEFA9CF1BF16FDF00C71D36 /* MJRefreshHeader.m in Sources */ = {isa = PBXBuildFile; fileRef = 4BEFA9781BF16FDE00C71D36 /* MJRefreshHeader.m */; };
		4BEFA9D01BF16FDF00C71D36 /* MJRefreshAutoGifFooter.m in Sources */ = {isa = PBXBuildFile; fileRef = 4BEFA97D1BF16FDE00C71D36 /* MJRefreshAutoGifFooter.m */; };
		4BEFA9D11BF16FDF00C71D36 /* MJRefreshAutoNormalFooter.m in Sources */ = {isa = PBXBuildFile; fileRef = 4BEFA97F1BF16FDE00C71D36 /* MJRefreshAutoNormalFooter.m */; };
		4BEFA9D21BF16FDF00C71D36 /* MJRefreshAutoStateFooter.m in Sources */ = {isa = PBXBuildFile; fileRef = 4BEFA9811BF16FDE00C71D36 /* MJRefreshAutoStateFooter.m */; };
		4BEFA9D31BF16FDF00C71D36 /* MJRefreshBackGifFooter.m in Sources */ = {isa = PBXBuildFile; fileRef = 4BEFA9841BF16FDE00C71D36 /* MJRefreshBackGifFooter.m */; };
		4BEFA9D41BF16FDF00C71D36 /* MJRefreshBackNormalFooter.m in Sources */ = {isa = PBXBuildFile; fileRef = 4BEFA9861BF16FDE00C71D36 /* MJRefreshBackNormalFooter.m */; };
		4BEFA9D51BF16FDF00C71D36 /* MJRefreshBackStateFooter.m in Sources */ = {isa = PBXBuildFile; fileRef = 4BEFA9881BF16FDE00C71D36 /* MJRefreshBackStateFooter.m */; };
		4BEFA9D61BF16FDF00C71D36 /* MJRefreshGifHeader.m in Sources */ = {isa = PBXBuildFile; fileRef = 4BEFA98B1BF16FDE00C71D36 /* MJRefreshGifHeader.m */; };
		4BEFA9D71BF16FDF00C71D36 /* MJRefreshNormalHeader.m in Sources */ = {isa = PBXBuildFile; fileRef = 4BEFA98D1BF16FDE00C71D36 /* MJRefreshNormalHeader.m */; };
		4BEFA9D81BF16FDF00C71D36 /* MJRefreshStateHeader.m in Sources */ = {isa = PBXBuildFile; fileRef = 4BEFA98F1BF16FDE00C71D36 /* MJRefreshStateHeader.m */; };
		4BEFA9D91BF16FDF00C71D36 /* MJRefresh.bundle in Resources */ = {isa = PBXBuildFile; fileRef = 4BEFA9901BF16FDE00C71D36 /* MJRefresh.bundle */; };
		4BEFA9DA1BF16FDF00C71D36 /* MJRefreshConst.m in Sources */ = {isa = PBXBuildFile; fileRef = 4BEFA9931BF16FDE00C71D36 /* MJRefreshConst.m */; };
		4BEFA9DB1BF16FDF00C71D36 /* UIScrollView+MJExtension.m in Sources */ = {isa = PBXBuildFile; fileRef = 4BEFA9951BF16FDE00C71D36 /* UIScrollView+MJExtension.m */; };
		4BEFA9DC1BF16FDF00C71D36 /* UIScrollView+MJRefresh.m in Sources */ = {isa = PBXBuildFile; fileRef = 4BEFA9971BF16FDE00C71D36 /* UIScrollView+MJRefresh.m */; };
		4BEFA9DD1BF16FDF00C71D36 /* UIView+MJExtension.m in Sources */ = {isa = PBXBuildFile; fileRef = 4BEFA9991BF16FDE00C71D36 /* UIView+MJExtension.m */; };
		4BEFA9DE1BF16FDF00C71D36 /* NSMutableAttributedString+TY.m in Sources */ = {isa = PBXBuildFile; fileRef = 4BEFA99C1BF16FDE00C71D36 /* NSMutableAttributedString+TY.m */; };
		4BEFA9DF1BF16FDF00C71D36 /* TYAttributedLabel.m in Sources */ = {isa = PBXBuildFile; fileRef = 4BEFA99E1BF16FDE00C71D36 /* TYAttributedLabel.m */; };
		4BEFA9E01BF16FDF00C71D36 /* TYDrawStorage.m in Sources */ = {isa = PBXBuildFile; fileRef = 4BEFA9A01BF16FDE00C71D36 /* TYDrawStorage.m */; };
		4BEFA9E11BF16FDF00C71D36 /* TYImageCache.m in Sources */ = {isa = PBXBuildFile; fileRef = 4BEFA9A21BF16FDE00C71D36 /* TYImageCache.m */; };
		4BEFA9E21BF16FDF00C71D36 /* TYImageStorage.m in Sources */ = {isa = PBXBuildFile; fileRef = 4BEFA9A41BF16FDE00C71D36 /* TYImageStorage.m */; };
		4BEFA9E31BF16FDF00C71D36 /* TYLinkTextStorage.m in Sources */ = {isa = PBXBuildFile; fileRef = 4BEFA9A61BF16FDE00C71D36 /* TYLinkTextStorage.m */; };
		4BEFA9E41BF16FDF00C71D36 /* TYTextContainer+Extended.m in Sources */ = {isa = PBXBuildFile; fileRef = 4BEFA9A71BF16FDE00C71D36 /* TYTextContainer+Extended.m */; };
		4BEFA9E51BF16FDF00C71D36 /* TYTextContainer.m in Sources */ = {isa = PBXBuildFile; fileRef = 4BEFA9A91BF16FDE00C71D36 /* TYTextContainer.m */; };
		4BEFA9E61BF16FDF00C71D36 /* TYTextStorage.m in Sources */ = {isa = PBXBuildFile; fileRef = 4BEFA9AB1BF16FDE00C71D36 /* TYTextStorage.m */; };
		4BEFA9E71BF16FDF00C71D36 /* TYViewStorage.m in Sources */ = {isa = PBXBuildFile; fileRef = 4BEFA9AE1BF16FDE00C71D36 /* TYViewStorage.m */; };
/* End PBXBuildFile section */

/* Begin PBXContainerItemProxy section */
		4BE982FE1BA2CBFB00B62F51 /* PBXContainerItemProxy */ = {
			isa = PBXContainerItemProxy;
			containerPortal = 4BE982DC1BA2CBFB00B62F51 /* Project object */;
			proxyType = 1;
			remoteGlobalIDString = 4BE982E31BA2CBFB00B62F51;
			remoteInfo = IMForIOS;
		};
/* End PBXContainerItemProxy section */

/* Begin PBXFileReference section */
		4B1A040E1BF9AF2100AC12F7 /* XHEmotionPageView.h */ = {isa = PBXFileReference; fileEncoding = 4; lastKnownFileType = sourcecode.c.h; path = XHEmotionPageView.h; sourceTree = "<group>"; };
		4B1A040F1BF9AF2100AC12F7 /* XHEmotionPageView.m */ = {isa = PBXFileReference; fileEncoding = 4; lastKnownFileType = sourcecode.c.objc; path = XHEmotionPageView.m; sourceTree = "<group>"; };
		4B1A04111BF9B36700AC12F7 /* XHEmotion.h */ = {isa = PBXFileReference; fileEncoding = 4; lastKnownFileType = sourcecode.c.h; path = XHEmotion.h; sourceTree = "<group>"; };
		4B1A04121BF9B36700AC12F7 /* XHEmotion.m */ = {isa = PBXFileReference; fileEncoding = 4; lastKnownFileType = sourcecode.c.objc; path = XHEmotion.m; sourceTree = "<group>"; };
		4B1A04141BF9BC9D00AC12F7 /* XHEmotionButton.h */ = {isa = PBXFileReference; fileEncoding = 4; lastKnownFileType = sourcecode.c.h; path = XHEmotionButton.h; sourceTree = "<group>"; };
		4B1A04151BF9BC9D00AC12F7 /* XHEmotionButton.m */ = {isa = PBXFileReference; fileEncoding = 4; lastKnownFileType = sourcecode.c.objc; path = XHEmotionButton.m; sourceTree = "<group>"; };
		4B1A04171BF9C1AB00AC12F7 /* XHEmotionListView.h */ = {isa = PBXFileReference; fileEncoding = 4; lastKnownFileType = sourcecode.c.h; path = XHEmotionListView.h; sourceTree = "<group>"; };
		4B1A04181BF9C1AB00AC12F7 /* XHEmotionListView.m */ = {isa = PBXFileReference; fileEncoding = 4; lastKnownFileType = sourcecode.c.objc; path = XHEmotionListView.m; sourceTree = "<group>"; };
		4B2C772E1BE06E5E000968E7 /* libsqlite3.dylib */ = {isa = PBXFileReference; lastKnownFileType = "compiled.mach-o.dylib"; name = libsqlite3.dylib; path = usr/lib/libsqlite3.dylib; sourceTree = SDKROOT; };
		4B2C77301BE06FE5000968E7 /* XHDataBaseManager.h */ = {isa = PBXFileReference; fileEncoding = 4; lastKnownFileType = sourcecode.c.h; path = XHDataBaseManager.h; sourceTree = "<group>"; };
		4B2C77311BE06FE5000968E7 /* XHDataBaseManager.m */ = {isa = PBXFileReference; fileEncoding = 4; lastKnownFileType = sourcecode.c.objc; path = XHDataBaseManager.m; sourceTree = "<group>"; };
		4B2C77361BE1EFEB000968E7 /* XHAddContactController.h */ = {isa = PBXFileReference; fileEncoding = 4; lastKnownFileType = sourcecode.c.h; path = XHAddContactController.h; sourceTree = "<group>"; };
		4B600E551BE9E2D80015CFD9 /* YXLDetail.h */ = {isa = PBXFileReference; fileEncoding = 4; lastKnownFileType = sourcecode.c.h; path = YXLDetail.h; sourceTree = "<group>"; };
		4B600E561BE9E2D80015CFD9 /* YXLDetail.m */ = {isa = PBXFileReference; fileEncoding = 4; lastKnownFileType = sourcecode.c.objc; path = YXLDetail.m; sourceTree = "<group>"; };
		4B600E581BE9E2E20015CFD9 /* YXLDetail.xib */ = {isa = PBXFileReference; fileEncoding = 4; lastKnownFileType = file.xib; path = YXLDetail.xib; sourceTree = "<group>"; };
		4B600E5A1BE9E3010015CFD9 /* XHAddContactController.m */ = {isa = PBXFileReference; fileEncoding = 4; lastKnownFileType = sourcecode.c.objc; path = XHAddContactController.m; sourceTree = "<group>"; };
		4B600EB91BEC39020015CFD9 /* Images.xcassets */ = {isa = PBXFileReference; lastKnownFileType = folder.assetcatalog; path = Images.xcassets; sourceTree = "<group>"; };
		4B600EBB1BEC3B560015CFD9 /* XHFeature.xib */ = {isa = PBXFileReference; fileEncoding = 4; lastKnownFileType = file.xib; path = XHFeature.xib; sourceTree = "<group>"; };
		4B600EBD1BEC44230015CFD9 /* XHFeature.h */ = {isa = PBXFileReference; fileEncoding = 4; lastKnownFileType = sourcecode.c.h; path = XHFeature.h; sourceTree = "<group>"; };
		4B600EBE1BEC44230015CFD9 /* XHFeature.m */ = {isa = PBXFileReference; fileEncoding = 4; lastKnownFileType = sourcecode.c.objc; path = XHFeature.m; sourceTree = "<group>"; };
		4BAC83C91BF42BB700D45AB3 /* RegexKitLite.h */ = {isa = PBXFileReference; fileEncoding = 4; lastKnownFileType = sourcecode.c.h; path = RegexKitLite.h; sourceTree = "<group>"; };
		4BAC83CA1BF42BB700D45AB3 /* RegexKitLite.m */ = {isa = PBXFileReference; fileEncoding = 4; lastKnownFileType = sourcecode.c.objc; path = RegexKitLite.m; sourceTree = "<group>"; };
		4BAC83CC1BF42CE600D45AB3 /* libicucore.dylib */ = {isa = PBXFileReference; lastKnownFileType = "compiled.mach-o.dylib"; name = libicucore.dylib; path = usr/lib/libicucore.dylib; sourceTree = SDKROOT; };
		4BAC83CE1BF58EDE00D45AB3 /* defaultEmotion.plist */ = {isa = PBXFileReference; fileEncoding = 4; lastKnownFileType = text.plist.xml; path = defaultEmotion.plist; sourceTree = "<group>"; };
		4BB215E61BD73A2700040907 /* Singleton.h */ = {isa = PBXFileReference; fileEncoding = 4; lastKnownFileType = sourcecode.c.h; path = Singleton.h; sourceTree = "<group>"; };
		4BB215E71BD7669100040907 /* XHUserInfo.h */ = {isa = PBXFileReference; fileEncoding = 4; lastKnownFileType = sourcecode.c.h; path = XHUserInfo.h; sourceTree = "<group>"; };
		4BB215E81BD7669100040907 /* XHUserInfo.m */ = {isa = PBXFileReference; fileEncoding = 4; lastKnownFileType = sourcecode.c.objc; path = XHUserInfo.m; sourceTree = "<group>"; };
		4BB47F211BCF30AD009EB765 /* XHMessageListController.xib */ = {isa = PBXFileReference; fileEncoding = 4; lastKnownFileType = file.xib; path = XHMessageListController.xib; sourceTree = "<group>"; };
		4BB47F341BCF3DE7009EB765 /* AppDelegate.h */ = {isa = PBXFileReference; fileEncoding = 4; lastKnownFileType = sourcecode.c.h; path = AppDelegate.h; sourceTree = "<group>"; };
		4BB47F351BCF3DE7009EB765 /* AppDelegate.m */ = {isa = PBXFileReference; fileEncoding = 4; lastKnownFileType = sourcecode.c.objc; path = AppDelegate.m; sourceTree = "<group>"; };
		4BB47F381BCF616B009EB765 /* XHTestViewController.h */ = {isa = PBXFileReference; fileEncoding = 4; lastKnownFileType = sourcecode.c.h; path = XHTestViewController.h; sourceTree = "<group>"; };
		4BB47F391BCF616B009EB765 /* XHTestViewController.m */ = {isa = PBXFileReference; fileEncoding = 4; lastKnownFileType = sourcecode.c.objc; path = XHTestViewController.m; sourceTree = "<group>"; };
		4BB47F3B1BCFA21B009EB765 /* XHMessageViewTableCell.h */ = {isa = PBXFileReference; fileEncoding = 4; lastKnownFileType = sourcecode.c.h; path = XHMessageViewTableCell.h; sourceTree = "<group>"; };
		4BB47F3C1BCFA21B009EB765 /* XHMessageViewTableCell.m */ = {isa = PBXFileReference; fileEncoding = 4; lastKnownFileType = sourcecode.c.objc; path = XHMessageViewTableCell.m; sourceTree = "<group>"; };
		4BB47F3D1BCFA21B009EB765 /* XHMessageViewTableCell.xib */ = {isa = PBXFileReference; fileEncoding = 4; lastKnownFileType = file.xib; path = XHMessageViewTableCell.xib; sourceTree = "<group>"; };
		4BB47F451BD48152009EB765 /* XHContactTableController.h */ = {isa = PBXFileReference; fileEncoding = 4; lastKnownFileType = sourcecode.c.h; path = XHContactTableController.h; sourceTree = "<group>"; };
		4BB47F461BD48152009EB765 /* XHContactTableController.m */ = {isa = PBXFileReference; fileEncoding = 4; lastKnownFileType = sourcecode.c.objc; path = XHContactTableController.m; sourceTree = "<group>"; };
		4BB47F471BD48152009EB765 /* XHGroupTableController.h */ = {isa = PBXFileReference; fileEncoding = 4; lastKnownFileType = sourcecode.c.h; path = XHGroupTableController.h; sourceTree = "<group>"; };
		4BB47F481BD48152009EB765 /* XHGroupTableController.m */ = {isa = PBXFileReference; fileEncoding = 4; lastKnownFileType = sourcecode.c.objc; path = XHGroupTableController.m; sourceTree = "<group>"; };
		4BE7AEF51BCB888C00A1E410 /* XHGroupModel.h */ = {isa = PBXFileReference; fileEncoding = 4; lastKnownFileType = sourcecode.c.h; path = XHGroupModel.h; sourceTree = "<group>"; };
		4BE7AEF61BCB888C00A1E410 /* XHGroupModel.m */ = {isa = PBXFileReference; fileEncoding = 4; lastKnownFileType = sourcecode.c.objc; path = XHGroupModel.m; sourceTree = "<group>"; };
		4BE7AEF81BCB9B1E00A1E410 /* XHMessageClient.h */ = {isa = PBXFileReference; fileEncoding = 4; lastKnownFileType = sourcecode.c.h; path = XHMessageClient.h; sourceTree = "<group>"; };
		4BE7AEF91BCB9B1E00A1E410 /* XHMessageClient.m */ = {isa = PBXFileReference; fileEncoding = 4; lastKnownFileType = sourcecode.c.objc; path = XHMessageClient.m; sourceTree = "<group>"; };
		4BE7AEFB1BCBA01100A1E410 /* XHChatBean.h */ = {isa = PBXFileReference; fileEncoding = 4; lastKnownFileType = sourcecode.c.h; path = XHChatBean.h; sourceTree = "<group>"; };
		4BE7AEFC1BCBA01100A1E410 /* XHChatBean.m */ = {isa = PBXFileReference; fileEncoding = 4; lastKnownFileType = sourcecode.c.objc; path = XHChatBean.m; sourceTree = "<group>"; };
		4BE7AEFE1BCBAEF200A1E410 /* XHMessageViewController.h */ = {isa = PBXFileReference; fileEncoding = 4; lastKnownFileType = sourcecode.c.h; path = XHMessageViewController.h; sourceTree = "<group>"; };
		4BE7AEFF1BCBAEF200A1E410 /* XHMessageViewController.m */ = {isa = PBXFileReference; fileEncoding = 4; lastKnownFileType = sourcecode.c.objc; path = XHMessageViewController.m; sourceTree = "<group>"; };
		4BE7AF011BCBAF4600A1E410 /* XHMessageListController.h */ = {isa = PBXFileReference; fileEncoding = 4; lastKnownFileType = sourcecode.c.h; path = XHMessageListController.h; sourceTree = "<group>"; };
		4BE7AF021BCBAF4600A1E410 /* XHMessageListController.m */ = {isa = PBXFileReference; fileEncoding = 4; lastKnownFileType = sourcecode.c.objc; path = XHMessageListController.m; sourceTree = "<group>"; };
		4BE7AF041BCBB07200A1E410 /* XHMessageFrame.h */ = {isa = PBXFileReference; fileEncoding = 4; lastKnownFileType = sourcecode.c.h; path = XHMessageFrame.h; sourceTree = "<group>"; };
		4BE7AF051BCBB07200A1E410 /* XHMessageFrame.m */ = {isa = PBXFileReference; fileEncoding = 4; lastKnownFileType = sourcecode.c.objc; path = XHMessageFrame.m; sourceTree = "<group>"; };
		4BE7AF071BCBB0CC00A1E410 /* XHMessageCell.h */ = {isa = PBXFileReference; fileEncoding = 4; lastKnownFileType = sourcecode.c.h; path = XHMessageCell.h; sourceTree = "<group>"; };
		4BE7AF081BCBB0CC00A1E410 /* XHMessageCell.m */ = {isa = PBXFileReference; fileEncoding = 4; lastKnownFileType = sourcecode.c.objc; path = XHMessageCell.m; sourceTree = "<group>"; };
		4BE7AF0E1BCBB3EC00A1E410 /* NSString+XHNSStringExt.h */ = {isa = PBXFileReference; fileEncoding = 4; lastKnownFileType = sourcecode.c.h; path = "NSString+XHNSStringExt.h"; sourceTree = "<group>"; };
		4BE7AF0F1BCBB3EC00A1E410 /* NSString+XHNSStringExt.m */ = {isa = PBXFileReference; fileEncoding = 4; lastKnownFileType = sourcecode.c.objc; path = "NSString+XHNSStringExt.m"; sourceTree = "<group>"; };
		4BE982E41BA2CBFB00B62F51 /* IMForIOS.app */ = {isa = PBXFileReference; explicitFileType = wrapper.application; includeInIndex = 0; path = IMForIOS.app; sourceTree = BUILT_PRODUCTS_DIR; };
		4BE982E81BA2CBFB00B62F51 /* Info.plist */ = {isa = PBXFileReference; lastKnownFileType = text.plist.xml; path = Info.plist; sourceTree = "<group>"; };
		4BE982FD1BA2CBFB00B62F51 /* IMForIOSTests.xctest */ = {isa = PBXFileReference; explicitFileType = wrapper.cfbundle; includeInIndex = 0; path = IMForIOSTests.xctest; sourceTree = BUILT_PRODUCTS_DIR; };
		4BE983021BA2CBFB00B62F51 /* Info.plist */ = {isa = PBXFileReference; lastKnownFileType = text.plist.xml; path = Info.plist; sourceTree = "<group>"; };
		4BE983031BA2CBFB00B62F51 /* IMForIOSTests.m */ = {isa = PBXFileReference; lastKnownFileType = sourcecode.c.objc; path = IMForIOSTests.m; sourceTree = "<group>"; };
		4BEED2D31BBA7D6700F3A64D /* XHContactViewController.h */ = {isa = PBXFileReference; fileEncoding = 4; lastKnownFileType = sourcecode.c.h; path = XHContactViewController.h; sourceTree = "<group>"; };
		4BEED2D41BBA7D6700F3A64D /* XHContactViewController.m */ = {isa = PBXFileReference; fileEncoding = 4; lastKnownFileType = sourcecode.c.objc; path = XHContactViewController.m; sourceTree = "<group>"; };
		4BEED2D61BBA7D6700F3A64D /* XHContactModel.h */ = {isa = PBXFileReference; fileEncoding = 4; lastKnownFileType = sourcecode.c.h; path = XHContactModel.h; sourceTree = "<group>"; };
		4BEED2D71BBA7D6700F3A64D /* XHContactModel.m */ = {isa = PBXFileReference; fileEncoding = 4; lastKnownFileType = sourcecode.c.objc; path = XHContactModel.m; sourceTree = "<group>"; };
		4BEED2DC1BBA7D6700F3A64D /* XHContactTableViewCell.h */ = {isa = PBXFileReference; fileEncoding = 4; lastKnownFileType = sourcecode.c.h; path = XHContactTableViewCell.h; sourceTree = "<group>"; };
		4BEED2DD1BBA7D6700F3A64D /* XHContactTableViewCell.m */ = {isa = PBXFileReference; fileEncoding = 4; lastKnownFileType = sourcecode.c.objc; path = XHContactTableViewCell.m; sourceTree = "<group>"; };
		4BEED2DE1BBA7D6700F3A64D /* XHContactTableViewCell.xib */ = {isa = PBXFileReference; fileEncoding = 4; lastKnownFileType = file.xib; path = XHContactTableViewCell.xib; sourceTree = "<group>"; };
		4BEED2E61BBA7D6700F3A64D /* UIBarButtonItem+Extension.h */ = {isa = PBXFileReference; fileEncoding = 4; lastKnownFileType = sourcecode.c.h; path = "UIBarButtonItem+Extension.h"; sourceTree = "<group>"; };
		4BEED2E71BBA7D6700F3A64D /* UIBarButtonItem+Extension.m */ = {isa = PBXFileReference; fileEncoding = 4; lastKnownFileType = sourcecode.c.objc; path = "UIBarButtonItem+Extension.m"; sourceTree = "<group>"; };
		4BEED2EE1BBA7D6700F3A64D /* main.m */ = {isa = PBXFileReference; fileEncoding = 4; lastKnownFileType = sourcecode.c.objc; name = main.m; path = ../main.m; sourceTree = "<group>"; };
		4BEED2EF1BBA7D6700F3A64D /* Main.storyboard */ = {isa = PBXFileReference; fileEncoding = 4; lastKnownFileType = file.storyboard; name = Main.storyboard; path = ../Main.storyboard; sourceTree = "<group>"; };
		4BEED3031BBA7D6700F3A64D /* XHMyselfViewController.h */ = {isa = PBXFileReference; fileEncoding = 4; lastKnownFileType = sourcecode.c.h; path = XHMyselfViewController.h; sourceTree = "<group>"; };
		4BEED3041BBA7D6700F3A64D /* XHMyselfViewController.m */ = {isa = PBXFileReference; fileEncoding = 4; lastKnownFileType = sourcecode.c.objc; path = XHMyselfViewController.m; sourceTree = "<group>"; };
		4BEED31C1BBA7EE900F3A64D /* ViewController.h */ = {isa = PBXFileReference; fileEncoding = 4; lastKnownFileType = sourcecode.c.h; path = ViewController.h; sourceTree = "<group>"; };
		4BEED31D1BBA7EE900F3A64D /* ViewController.m */ = {isa = PBXFileReference; fileEncoding = 4; lastKnownFileType = sourcecode.c.objc; path = ViewController.m; sourceTree = "<group>"; };
		4BEED31E1BBA7EE900F3A64D /* XHNavigationViewController.h */ = {isa = PBXFileReference; fileEncoding = 4; lastKnownFileType = sourcecode.c.h; path = XHNavigationViewController.h; sourceTree = "<group>"; };
		4BEED31F1BBA7EE900F3A64D /* XHNavigationViewController.m */ = {isa = PBXFileReference; fileEncoding = 4; lastKnownFileType = sourcecode.c.objc; path = XHNavigationViewController.m; sourceTree = "<group>"; };
		4BEED3201BBA7EE900F3A64D /* XHTabViewController.h */ = {isa = PBXFileReference; fileEncoding = 4; lastKnownFileType = sourcecode.c.h; path = XHTabViewController.h; sourceTree = "<group>"; };
		4BEED3211BBA7EE900F3A64D /* XHTabViewController.m */ = {isa = PBXFileReference; fileEncoding = 4; lastKnownFileType = sourcecode.c.objc; path = XHTabViewController.m; sourceTree = "<group>"; };
		4BEED3261BBA7EF300F3A64D /* XHAsyncSocketClient.h */ = {isa = PBXFileReference; fileEncoding = 4; lastKnownFileType = sourcecode.c.h; path = XHAsyncSocketClient.h; sourceTree = "<group>"; };
		4BEED3271BBA7EF300F3A64D /* XHAsyncSocketClient.m */ = {isa = PBXFileReference; fileEncoding = 4; lastKnownFileType = sourcecode.c.objc; path = XHAsyncSocketClient.m; sourceTree = "<group>"; };
		4BEFA9251BF16FD500C71D36 /* AsyncSocket.h */ = {isa = PBXFileReference; fileEncoding = 4; lastKnownFileType = sourcecode.c.h; path = AsyncSocket.h; sourceTree = "<group>"; };
		4BEFA9261BF16FD500C71D36 /* AsyncSocket.m */ = {isa = PBXFileReference; fileEncoding = 4; lastKnownFileType = sourcecode.c.objc; path = AsyncSocket.m; sourceTree = "<group>"; };
		4BEFA9271BF16FD500C71D36 /* AsyncUdpSocket.h */ = {isa = PBXFileReference; fileEncoding = 4; lastKnownFileType = sourcecode.c.h; path = AsyncUdpSocket.h; sourceTree = "<group>"; };
		4BEFA9281BF16FD500C71D36 /* AsyncUdpSocket.m */ = {isa = PBXFileReference; fileEncoding = 4; lastKnownFileType = sourcecode.c.objc; path = AsyncUdpSocket.m; sourceTree = "<group>"; };
		4BEFA92C1BF16FDE00C71D36 /* FMDatabase.h */ = {isa = PBXFileReference; fileEncoding = 4; lastKnownFileType = sourcecode.c.h; path = FMDatabase.h; sourceTree = "<group>"; };
		4BEFA92D1BF16FDE00C71D36 /* FMDatabase.m */ = {isa = PBXFileReference; fileEncoding = 4; lastKnownFileType = sourcecode.c.objc; path = FMDatabase.m; sourceTree = "<group>"; };
		4BEFA92E1BF16FDE00C71D36 /* FMDatabaseAdditions.h */ = {isa = PBXFileReference; fileEncoding = 4; lastKnownFileType = sourcecode.c.h; path = FMDatabaseAdditions.h; sourceTree = "<group>"; };
		4BEFA92F1BF16FDE00C71D36 /* FMDatabaseAdditions.m */ = {isa = PBXFileReference; fileEncoding = 4; lastKnownFileType = sourcecode.c.objc; path = FMDatabaseAdditions.m; sourceTree = "<group>"; };
		4BEFA9301BF16FDE00C71D36 /* FMDatabasePool.h */ = {isa = PBXFileReference; fileEncoding = 4; lastKnownFileType = sourcecode.c.h; path = FMDatabasePool.h; sourceTree = "<group>"; };
		4BEFA9311BF16FDE00C71D36 /* FMDatabasePool.m */ = {isa = PBXFileReference; fileEncoding = 4; lastKnownFileType = sourcecode.c.objc; path = FMDatabasePool.m; sourceTree = "<group>"; };
		4BEFA9321BF16FDE00C71D36 /* FMDatabaseQueue.h */ = {isa = PBXFileReference; fileEncoding = 4; lastKnownFileType = sourcecode.c.h; path = FMDatabaseQueue.h; sourceTree = "<group>"; };
		4BEFA9331BF16FDE00C71D36 /* FMDatabaseQueue.m */ = {isa = PBXFileReference; fileEncoding = 4; lastKnownFileType = sourcecode.c.objc; path = FMDatabaseQueue.m; sourceTree = "<group>"; };
		4BEFA9341BF16FDE00C71D36 /* FMDB.h */ = {isa = PBXFileReference; fileEncoding = 4; lastKnownFileType = sourcecode.c.h; path = FMDB.h; sourceTree = "<group>"; };
		4BEFA9351BF16FDE00C71D36 /* FMResultSet.h */ = {isa = PBXFileReference; fileEncoding = 4; lastKnownFileType = sourcecode.c.h; path = FMResultSet.h; sourceTree = "<group>"; };
		4BEFA9361BF16FDE00C71D36 /* FMResultSet.m */ = {isa = PBXFileReference; fileEncoding = 4; lastKnownFileType = sourcecode.c.objc; path = FMResultSet.m; sourceTree = "<group>"; };
		4BEFA9381BF16FDE00C71D36 /* MASCompositeConstraint.h */ = {isa = PBXFileReference; fileEncoding = 4; lastKnownFileType = sourcecode.c.h; path = MASCompositeConstraint.h; sourceTree = "<group>"; };
		4BEFA9391BF16FDE00C71D36 /* MASCompositeConstraint.m */ = {isa = PBXFileReference; fileEncoding = 4; lastKnownFileType = sourcecode.c.objc; path = MASCompositeConstraint.m; sourceTree = "<group>"; };
		4BEFA93A1BF16FDE00C71D36 /* MASConstraint+Private.h */ = {isa = PBXFileReference; fileEncoding = 4; lastKnownFileType = sourcecode.c.h; path = "MASConstraint+Private.h"; sourceTree = "<group>"; };
		4BEFA93B1BF16FDE00C71D36 /* MASConstraint.h */ = {isa = PBXFileReference; fileEncoding = 4; lastKnownFileType = sourcecode.c.h; path = MASConstraint.h; sourceTree = "<group>"; };
		4BEFA93C1BF16FDE00C71D36 /* MASConstraint.m */ = {isa = PBXFileReference; fileEncoding = 4; lastKnownFileType = sourcecode.c.objc; path = MASConstraint.m; sourceTree = "<group>"; };
		4BEFA93D1BF16FDE00C71D36 /* MASConstraintMaker.h */ = {isa = PBXFileReference; fileEncoding = 4; lastKnownFileType = sourcecode.c.h; path = MASConstraintMaker.h; sourceTree = "<group>"; };
		4BEFA93E1BF16FDE00C71D36 /* MASConstraintMaker.m */ = {isa = PBXFileReference; fileEncoding = 4; lastKnownFileType = sourcecode.c.objc; path = MASConstraintMaker.m; sourceTree = "<group>"; };
		4BEFA93F1BF16FDE00C71D36 /* MASLayoutConstraint.h */ = {isa = PBXFileReference; fileEncoding = 4; lastKnownFileType = sourcecode.c.h; path = MASLayoutConstraint.h; sourceTree = "<group>"; };
		4BEFA9401BF16FDE00C71D36 /* MASLayoutConstraint.m */ = {isa = PBXFileReference; fileEncoding = 4; lastKnownFileType = sourcecode.c.objc; path = MASLayoutConstraint.m; sourceTree = "<group>"; };
		4BEFA9411BF16FDE00C71D36 /* Masonry.h */ = {isa = PBXFileReference; fileEncoding = 4; lastKnownFileType = sourcecode.c.h; path = Masonry.h; sourceTree = "<group>"; };
		4BEFA9421BF16FDE00C71D36 /* MASUtilities.h */ = {isa = PBXFileReference; fileEncoding = 4; lastKnownFileType = sourcecode.c.h; path = MASUtilities.h; sourceTree = "<group>"; };
		4BEFA9431BF16FDE00C71D36 /* MASViewAttribute.h */ = {isa = PBXFileReference; fileEncoding = 4; lastKnownFileType = sourcecode.c.h; path = MASViewAttribute.h; sourceTree = "<group>"; };
		4BEFA9441BF16FDE00C71D36 /* MASViewAttribute.m */ = {isa = PBXFileReference; fileEncoding = 4; lastKnownFileType = sourcecode.c.objc; path = MASViewAttribute.m; sourceTree = "<group>"; };
		4BEFA9451BF16FDE00C71D36 /* MASViewConstraint.h */ = {isa = PBXFileReference; fileEncoding = 4; lastKnownFileType = sourcecode.c.h; path = MASViewConstraint.h; sourceTree = "<group>"; };
		4BEFA9461BF16FDE00C71D36 /* MASViewConstraint.m */ = {isa = PBXFileReference; fileEncoding = 4; lastKnownFileType = sourcecode.c.objc; path = MASViewConstraint.m; sourceTree = "<group>"; };
		4BEFA9471BF16FDE00C71D36 /* NSArray+MASAdditions.h */ = {isa = PBXFileReference; fileEncoding = 4; lastKnownFileType = sourcecode.c.h; path = "NSArray+MASAdditions.h"; sourceTree = "<group>"; };
		4BEFA9481BF16FDE00C71D36 /* NSArray+MASAdditions.m */ = {isa = PBXFileReference; fileEncoding = 4; lastKnownFileType = sourcecode.c.objc; path = "NSArray+MASAdditions.m"; sourceTree = "<group>"; };
		4BEFA9491BF16FDE00C71D36 /* NSArray+MASShorthandAdditions.h */ = {isa = PBXFileReference; fileEncoding = 4; lastKnownFileType = sourcecode.c.h; path = "NSArray+MASShorthandAdditions.h"; sourceTree = "<group>"; };
		4BEFA94A1BF16FDE00C71D36 /* NSLayoutConstraint+MASDebugAdditions.h */ = {isa = PBXFileReference; fileEncoding = 4; lastKnownFileType = sourcecode.c.h; path = "NSLayoutConstraint+MASDebugAdditions.h"; sourceTree = "<group>"; };
		4BEFA94B1BF16FDE00C71D36 /* NSLayoutConstraint+MASDebugAdditions.m */ = {isa = PBXFileReference; fileEncoding = 4; lastKnownFileType = sourcecode.c.objc; path = "NSLayoutConstraint+MASDebugAdditions.m"; sourceTree = "<group>"; };
		4BEFA94C1BF16FDE00C71D36 /* View+MASAdditions.h */ = {isa = PBXFileReference; fileEncoding = 4; lastKnownFileType = sourcecode.c.h; path = "View+MASAdditions.h"; sourceTree = "<group>"; };
		4BEFA94D1BF16FDE00C71D36 /* View+MASAdditions.m */ = {isa = PBXFileReference; fileEncoding = 4; lastKnownFileType = sourcecode.c.objc; path = "View+MASAdditions.m"; sourceTree = "<group>"; };
		4BEFA94E1BF16FDE00C71D36 /* View+MASShorthandAdditions.h */ = {isa = PBXFileReference; fileEncoding = 4; lastKnownFileType = sourcecode.c.h; path = "View+MASShorthandAdditions.h"; sourceTree = "<group>"; };
		4BEFA9501BF16FDE00C71D36 /* MBProgressHUD+HM.h */ = {isa = PBXFileReference; fileEncoding = 4; lastKnownFileType = sourcecode.c.h; path = "MBProgressHUD+HM.h"; sourceTree = "<group>"; };
		4BEFA9511BF16FDE00C71D36 /* MBProgressHUD+HM.m */ = {isa = PBXFileReference; fileEncoding = 4; lastKnownFileType = sourcecode.c.objc; path = "MBProgressHUD+HM.m"; sourceTree = "<group>"; };
		4BEFA9521BF16FDE00C71D36 /* MBProgressHUD.bundle */ = {isa = PBXFileReference; lastKnownFileType = "wrapper.plug-in"; path = MBProgressHUD.bundle; sourceTree = "<group>"; };
		4BEFA9531BF16FDE00C71D36 /* MBProgressHUD.h */ = {isa = PBXFileReference; fileEncoding = 4; lastKnownFileType = sourcecode.c.h; path = MBProgressHUD.h; sourceTree = "<group>"; };
		4BEFA9541BF16FDE00C71D36 /* MBProgressHUD.m */ = {isa = PBXFileReference; fileEncoding = 4; lastKnownFileType = sourcecode.c.objc; path = MBProgressHUD.m; sourceTree = "<group>"; };
		4BEFA9561BF16FDE00C71D36 /* MJDictionaryCache.h */ = {isa = PBXFileReference; fileEncoding = 4; lastKnownFileType = sourcecode.c.h; path = MJDictionaryCache.h; sourceTree = "<group>"; };
		4BEFA9571BF16FDE00C71D36 /* MJDictionaryCache.m */ = {isa = PBXFileReference; fileEncoding = 4; lastKnownFileType = sourcecode.c.objc; path = MJDictionaryCache.m; sourceTree = "<group>"; };
		4BEFA9581BF16FDE00C71D36 /* MJExtension.h */ = {isa = PBXFileReference; fileEncoding = 4; lastKnownFileType = sourcecode.c.h; path = MJExtension.h; sourceTree = "<group>"; };
		4BEFA9591BF16FDE00C71D36 /* MJExtensionConst.h */ = {isa = PBXFileReference; fileEncoding = 4; lastKnownFileType = sourcecode.c.h; path = MJExtensionConst.h; sourceTree = "<group>"; };
		4BEFA95A1BF16FDE00C71D36 /* MJExtensionConst.m */ = {isa = PBXFileReference; fileEncoding = 4; lastKnownFileType = sourcecode.c.objc; path = MJExtensionConst.m; sourceTree = "<group>"; };
		4BEFA95B1BF16FDE00C71D36 /* MJFoundation.h */ = {isa = PBXFileReference; fileEncoding = 4; lastKnownFileType = sourcecode.c.h; path = MJFoundation.h; sourceTree = "<group>"; };
		4BEFA95C1BF16FDE00C71D36 /* MJFoundation.m */ = {isa = PBXFileReference; fileEncoding = 4; lastKnownFileType = sourcecode.c.objc; path = MJFoundation.m; sourceTree = "<group>"; };
		4BEFA95D1BF16FDE00C71D36 /* MJProperty.h */ = {isa = PBXFileReference; fileEncoding = 4; lastKnownFileType = sourcecode.c.h; path = MJProperty.h; sourceTree = "<group>"; };
		4BEFA95E1BF16FDE00C71D36 /* MJProperty.m */ = {isa = PBXFileReference; fileEncoding = 4; lastKnownFileType = sourcecode.c.objc; path = MJProperty.m; sourceTree = "<group>"; };
		4BEFA95F1BF16FDE00C71D36 /* MJPropertyKey.h */ = {isa = PBXFileReference; fileEncoding = 4; lastKnownFileType = sourcecode.c.h; path = MJPropertyKey.h; sourceTree = "<group>"; };
		4BEFA9601BF16FDE00C71D36 /* MJPropertyKey.m */ = {isa = PBXFileReference; fileEncoding = 4; lastKnownFileType = sourcecode.c.objc; path = MJPropertyKey.m; sourceTree = "<group>"; };
		4BEFA9611BF16FDE00C71D36 /* MJPropertyType.h */ = {isa = PBXFileReference; fileEncoding = 4; lastKnownFileType = sourcecode.c.h; path = MJPropertyType.h; sourceTree = "<group>"; };
		4BEFA9621BF16FDE00C71D36 /* MJPropertyType.m */ = {isa = PBXFileReference; fileEncoding = 4; lastKnownFileType = sourcecode.c.objc; path = MJPropertyType.m; sourceTree = "<group>"; };
		4BEFA9631BF16FDE00C71D36 /* NSObject+MJClass.h */ = {isa = PBXFileReference; fileEncoding = 4; lastKnownFileType = sourcecode.c.h; path = "NSObject+MJClass.h"; sourceTree = "<group>"; };
		4BEFA9641BF16FDE00C71D36 /* NSObject+MJClass.m */ = {isa = PBXFileReference; fileEncoding = 4; lastKnownFileType = sourcecode.c.objc; path = "NSObject+MJClass.m"; sourceTree = "<group>"; };
		4BEFA9651BF16FDE00C71D36 /* NSObject+MJCoding.h */ = {isa = PBXFileReference; fileEncoding = 4; lastKnownFileType = sourcecode.c.h; path = "NSObject+MJCoding.h"; sourceTree = "<group>"; };
		4BEFA9661BF16FDE00C71D36 /* NSObject+MJCoding.m */ = {isa = PBXFileReference; fileEncoding = 4; lastKnownFileType = sourcecode.c.objc; path = "NSObject+MJCoding.m"; sourceTree = "<group>"; };
		4BEFA9671BF16FDE00C71D36 /* NSObject+MJKeyValue.h */ = {isa = PBXFileReference; fileEncoding = 4; lastKnownFileType = sourcecode.c.h; path = "NSObject+MJKeyValue.h"; sourceTree = "<group>"; };
		4BEFA9681BF16FDE00C71D36 /* NSObject+MJKeyValue.m */ = {isa = PBXFileReference; fileEncoding = 4; lastKnownFileType = sourcecode.c.objc; path = "NSObject+MJKeyValue.m"; sourceTree = "<group>"; };
		4BEFA9691BF16FDE00C71D36 /* NSObject+MJProperty.h */ = {isa = PBXFileReference; fileEncoding = 4; lastKnownFileType = sourcecode.c.h; path = "NSObject+MJProperty.h"; sourceTree = "<group>"; };
		4BEFA96A1BF16FDE00C71D36 /* NSObject+MJProperty.m */ = {isa = PBXFileReference; fileEncoding = 4; lastKnownFileType = sourcecode.c.objc; path = "NSObject+MJProperty.m"; sourceTree = "<group>"; };
		4BEFA96B1BF16FDE00C71D36 /* NSString+MJExtension.h */ = {isa = PBXFileReference; fileEncoding = 4; lastKnownFileType = sourcecode.c.h; path = "NSString+MJExtension.h"; sourceTree = "<group>"; };
		4BEFA96C1BF16FDE00C71D36 /* NSString+MJExtension.m */ = {isa = PBXFileReference; fileEncoding = 4; lastKnownFileType = sourcecode.c.objc; path = "NSString+MJExtension.m"; sourceTree = "<group>"; };
		4BEFA96F1BF16FDE00C71D36 /* MJRefreshAutoFooter.h */ = {isa = PBXFileReference; fileEncoding = 4; lastKnownFileType = sourcecode.c.h; path = MJRefreshAutoFooter.h; sourceTree = "<group>"; };
		4BEFA9701BF16FDE00C71D36 /* MJRefreshAutoFooter.m */ = {isa = PBXFileReference; fileEncoding = 4; lastKnownFileType = sourcecode.c.objc; path = MJRefreshAutoFooter.m; sourceTree = "<group>"; };
		4BEFA9711BF16FDE00C71D36 /* MJRefreshBackFooter.h */ = {isa = PBXFileReference; fileEncoding = 4; lastKnownFileType = sourcecode.c.h; path = MJRefreshBackFooter.h; sourceTree = "<group>"; };
		4BEFA9721BF16FDE00C71D36 /* MJRefreshBackFooter.m */ = {isa = PBXFileReference; fileEncoding = 4; lastKnownFileType = sourcecode.c.objc; path = MJRefreshBackFooter.m; sourceTree = "<group>"; };
		4BEFA9731BF16FDE00C71D36 /* MJRefreshComponent.h */ = {isa = PBXFileReference; fileEncoding = 4; lastKnownFileType = sourcecode.c.h; path = MJRefreshComponent.h; sourceTree = "<group>"; };
		4BEFA9741BF16FDE00C71D36 /* MJRefreshComponent.m */ = {isa = PBXFileReference; fileEncoding = 4; lastKnownFileType = sourcecode.c.objc; path = MJRefreshComponent.m; sourceTree = "<group>"; };
		4BEFA9751BF16FDE00C71D36 /* MJRefreshFooter.h */ = {isa = PBXFileReference; fileEncoding = 4; lastKnownFileType = sourcecode.c.h; path = MJRefreshFooter.h; sourceTree = "<group>"; };
		4BEFA9761BF16FDE00C71D36 /* MJRefreshFooter.m */ = {isa = PBXFileReference; fileEncoding = 4; lastKnownFileType = sourcecode.c.objc; path = MJRefreshFooter.m; sourceTree = "<group>"; };
		4BEFA9771BF16FDE00C71D36 /* MJRefreshHeader.h */ = {isa = PBXFileReference; fileEncoding = 4; lastKnownFileType = sourcecode.c.h; path = MJRefreshHeader.h; sourceTree = "<group>"; };
		4BEFA9781BF16FDE00C71D36 /* MJRefreshHeader.m */ = {isa = PBXFileReference; fileEncoding = 4; lastKnownFileType = sourcecode.c.objc; path = MJRefreshHeader.m; sourceTree = "<group>"; };
		4BEFA97C1BF16FDE00C71D36 /* MJRefreshAutoGifFooter.h */ = {isa = PBXFileReference; fileEncoding = 4; lastKnownFileType = sourcecode.c.h; path = MJRefreshAutoGifFooter.h; sourceTree = "<group>"; };
		4BEFA97D1BF16FDE00C71D36 /* MJRefreshAutoGifFooter.m */ = {isa = PBXFileReference; fileEncoding = 4; lastKnownFileType = sourcecode.c.objc; path = MJRefreshAutoGifFooter.m; sourceTree = "<group>"; };
		4BEFA97E1BF16FDE00C71D36 /* MJRefreshAutoNormalFooter.h */ = {isa = PBXFileReference; fileEncoding = 4; lastKnownFileType = sourcecode.c.h; path = MJRefreshAutoNormalFooter.h; sourceTree = "<group>"; };
		4BEFA97F1BF16FDE00C71D36 /* MJRefreshAutoNormalFooter.m */ = {isa = PBXFileReference; fileEncoding = 4; lastKnownFileType = sourcecode.c.objc; path = MJRefreshAutoNormalFooter.m; sourceTree = "<group>"; };
		4BEFA9801BF16FDE00C71D36 /* MJRefreshAutoStateFooter.h */ = {isa = PBXFileReference; fileEncoding = 4; lastKnownFileType = sourcecode.c.h; path = MJRefreshAutoStateFooter.h; sourceTree = "<group>"; };
		4BEFA9811BF16FDE00C71D36 /* MJRefreshAutoStateFooter.m */ = {isa = PBXFileReference; fileEncoding = 4; lastKnownFileType = sourcecode.c.objc; path = MJRefreshAutoStateFooter.m; sourceTree = "<group>"; };
		4BEFA9831BF16FDE00C71D36 /* MJRefreshBackGifFooter.h */ = {isa = PBXFileReference; fileEncoding = 4; lastKnownFileType = sourcecode.c.h; path = MJRefreshBackGifFooter.h; sourceTree = "<group>"; };
		4BEFA9841BF16FDE00C71D36 /* MJRefreshBackGifFooter.m */ = {isa = PBXFileReference; fileEncoding = 4; lastKnownFileType = sourcecode.c.objc; path = MJRefreshBackGifFooter.m; sourceTree = "<group>"; };
		4BEFA9851BF16FDE00C71D36 /* MJRefreshBackNormalFooter.h */ = {isa = PBXFileReference; fileEncoding = 4; lastKnownFileType = sourcecode.c.h; path = MJRefreshBackNormalFooter.h; sourceTree = "<group>"; };
		4BEFA9861BF16FDE00C71D36 /* MJRefreshBackNormalFooter.m */ = {isa = PBXFileReference; fileEncoding = 4; lastKnownFileType = sourcecode.c.objc; path = MJRefreshBackNormalFooter.m; sourceTree = "<group>"; };
		4BEFA9871BF16FDE00C71D36 /* MJRefreshBackStateFooter.h */ = {isa = PBXFileReference; fileEncoding = 4; lastKnownFileType = sourcecode.c.h; path = MJRefreshBackStateFooter.h; sourceTree = "<group>"; };
		4BEFA9881BF16FDE00C71D36 /* MJRefreshBackStateFooter.m */ = {isa = PBXFileReference; fileEncoding = 4; lastKnownFileType = sourcecode.c.objc; path = MJRefreshBackStateFooter.m; sourceTree = "<group>"; };
		4BEFA98A1BF16FDE00C71D36 /* MJRefreshGifHeader.h */ = {isa = PBXFileReference; fileEncoding = 4; lastKnownFileType = sourcecode.c.h; path = MJRefreshGifHeader.h; sourceTree = "<group>"; };
		4BEFA98B1BF16FDE00C71D36 /* MJRefreshGifHeader.m */ = {isa = PBXFileReference; fileEncoding = 4; lastKnownFileType = sourcecode.c.objc; path = MJRefreshGifHeader.m; sourceTree = "<group>"; };
		4BEFA98C1BF16FDE00C71D36 /* MJRefreshNormalHeader.h */ = {isa = PBXFileReference; fileEncoding = 4; lastKnownFileType = sourcecode.c.h; path = MJRefreshNormalHeader.h; sourceTree = "<group>"; };
		4BEFA98D1BF16FDE00C71D36 /* MJRefreshNormalHeader.m */ = {isa = PBXFileReference; fileEncoding = 4; lastKnownFileType = sourcecode.c.objc; path = MJRefreshNormalHeader.m; sourceTree = "<group>"; };
		4BEFA98E1BF16FDE00C71D36 /* MJRefreshStateHeader.h */ = {isa = PBXFileReference; fileEncoding = 4; lastKnownFileType = sourcecode.c.h; path = MJRefreshStateHeader.h; sourceTree = "<group>"; };
		4BEFA98F1BF16FDE00C71D36 /* MJRefreshStateHeader.m */ = {isa = PBXFileReference; fileEncoding = 4; lastKnownFileType = sourcecode.c.objc; path = MJRefreshStateHeader.m; sourceTree = "<group>"; };
		4BEFA9901BF16FDE00C71D36 /* MJRefresh.bundle */ = {isa = PBXFileReference; lastKnownFileType = "wrapper.plug-in"; path = MJRefresh.bundle; sourceTree = "<group>"; };
		4BEFA9911BF16FDE00C71D36 /* MJRefresh.h */ = {isa = PBXFileReference; fileEncoding = 4; lastKnownFileType = sourcecode.c.h; path = MJRefresh.h; sourceTree = "<group>"; };
		4BEFA9921BF16FDE00C71D36 /* MJRefreshConst.h */ = {isa = PBXFileReference; fileEncoding = 4; lastKnownFileType = sourcecode.c.h; path = MJRefreshConst.h; sourceTree = "<group>"; };
		4BEFA9931BF16FDE00C71D36 /* MJRefreshConst.m */ = {isa = PBXFileReference; fileEncoding = 4; lastKnownFileType = sourcecode.c.objc; path = MJRefreshConst.m; sourceTree = "<group>"; };
		4BEFA9941BF16FDE00C71D36 /* UIScrollView+MJExtension.h */ = {isa = PBXFileReference; fileEncoding = 4; lastKnownFileType = sourcecode.c.h; path = "UIScrollView+MJExtension.h"; sourceTree = "<group>"; };
		4BEFA9951BF16FDE00C71D36 /* UIScrollView+MJExtension.m */ = {isa = PBXFileReference; fileEncoding = 4; lastKnownFileType = sourcecode.c.objc; path = "UIScrollView+MJExtension.m"; sourceTree = "<group>"; };
		4BEFA9961BF16FDE00C71D36 /* UIScrollView+MJRefresh.h */ = {isa = PBXFileReference; fileEncoding = 4; lastKnownFileType = sourcecode.c.h; path = "UIScrollView+MJRefresh.h"; sourceTree = "<group>"; };
		4BEFA9971BF16FDE00C71D36 /* UIScrollView+MJRefresh.m */ = {isa = PBXFileReference; fileEncoding = 4; lastKnownFileType = sourcecode.c.objc; path = "UIScrollView+MJRefresh.m"; sourceTree = "<group>"; };
		4BEFA9981BF16FDE00C71D36 /* UIView+MJExtension.h */ = {isa = PBXFileReference; fileEncoding = 4; lastKnownFileType = sourcecode.c.h; path = "UIView+MJExtension.h"; sourceTree = "<group>"; };
		4BEFA9991BF16FDE00C71D36 /* UIView+MJExtension.m */ = {isa = PBXFileReference; fileEncoding = 4; lastKnownFileType = sourcecode.c.objc; path = "UIView+MJExtension.m"; sourceTree = "<group>"; };
		4BEFA99B1BF16FDE00C71D36 /* NSMutableAttributedString+TY.h */ = {isa = PBXFileReference; fileEncoding = 4; lastKnownFileType = sourcecode.c.h; path = "NSMutableAttributedString+TY.h"; sourceTree = "<group>"; };
		4BEFA99C1BF16FDE00C71D36 /* NSMutableAttributedString+TY.m */ = {isa = PBXFileReference; fileEncoding = 4; lastKnownFileType = sourcecode.c.objc; path = "NSMutableAttributedString+TY.m"; sourceTree = "<group>"; };
		4BEFA99D1BF16FDE00C71D36 /* TYAttributedLabel.h */ = {isa = PBXFileReference; fileEncoding = 4; lastKnownFileType = sourcecode.c.h; path = TYAttributedLabel.h; sourceTree = "<group>"; };
		4BEFA99E1BF16FDE00C71D36 /* TYAttributedLabel.m */ = {isa = PBXFileReference; fileEncoding = 4; lastKnownFileType = sourcecode.c.objc; path = TYAttributedLabel.m; sourceTree = "<group>"; };
		4BEFA99F1BF16FDE00C71D36 /* TYDrawStorage.h */ = {isa = PBXFileReference; fileEncoding = 4; lastKnownFileType = sourcecode.c.h; path = TYDrawStorage.h; sourceTree = "<group>"; };
		4BEFA9A01BF16FDE00C71D36 /* TYDrawStorage.m */ = {isa = PBXFileReference; fileEncoding = 4; lastKnownFileType = sourcecode.c.objc; path = TYDrawStorage.m; sourceTree = "<group>"; };
		4BEFA9A11BF16FDE00C71D36 /* TYImageCache.h */ = {isa = PBXFileReference; fileEncoding = 4; lastKnownFileType = sourcecode.c.h; path = TYImageCache.h; sourceTree = "<group>"; };
		4BEFA9A21BF16FDE00C71D36 /* TYImageCache.m */ = {isa = PBXFileReference; fileEncoding = 4; lastKnownFileType = sourcecode.c.objc; path = TYImageCache.m; sourceTree = "<group>"; };
		4BEFA9A31BF16FDE00C71D36 /* TYImageStorage.h */ = {isa = PBXFileReference; fileEncoding = 4; lastKnownFileType = sourcecode.c.h; path = TYImageStorage.h; sourceTree = "<group>"; };
		4BEFA9A41BF16FDE00C71D36 /* TYImageStorage.m */ = {isa = PBXFileReference; fileEncoding = 4; lastKnownFileType = sourcecode.c.objc; path = TYImageStorage.m; sourceTree = "<group>"; };
		4BEFA9A51BF16FDE00C71D36 /* TYLinkTextStorage.h */ = {isa = PBXFileReference; fileEncoding = 4; lastKnownFileType = sourcecode.c.h; path = TYLinkTextStorage.h; sourceTree = "<group>"; };
		4BEFA9A61BF16FDE00C71D36 /* TYLinkTextStorage.m */ = {isa = PBXFileReference; fileEncoding = 4; lastKnownFileType = sourcecode.c.objc; path = TYLinkTextStorage.m; sourceTree = "<group>"; };
		4BEFA9A71BF16FDE00C71D36 /* TYTextContainer+Extended.m */ = {isa = PBXFileReference; fileEncoding = 4; lastKnownFileType = sourcecode.c.objc; path = "TYTextContainer+Extended.m"; sourceTree = "<group>"; };
		4BEFA9A81BF16FDE00C71D36 /* TYTextContainer.h */ = {isa = PBXFileReference; fileEncoding = 4; lastKnownFileType = sourcecode.c.h; path = TYTextContainer.h; sourceTree = "<group>"; };
		4BEFA9A91BF16FDE00C71D36 /* TYTextContainer.m */ = {isa = PBXFileReference; fileEncoding = 4; lastKnownFileType = sourcecode.c.objc; path = TYTextContainer.m; sourceTree = "<group>"; };
		4BEFA9AA1BF16FDE00C71D36 /* TYTextStorage.h */ = {isa = PBXFileReference; fileEncoding = 4; lastKnownFileType = sourcecode.c.h; path = TYTextStorage.h; sourceTree = "<group>"; };
		4BEFA9AB1BF16FDE00C71D36 /* TYTextStorage.m */ = {isa = PBXFileReference; fileEncoding = 4; lastKnownFileType = sourcecode.c.objc; path = TYTextStorage.m; sourceTree = "<group>"; };
		4BEFA9AC1BF16FDE00C71D36 /* TYTextStorageProtocol.h */ = {isa = PBXFileReference; fileEncoding = 4; lastKnownFileType = sourcecode.c.h; path = TYTextStorageProtocol.h; sourceTree = "<group>"; };
		4BEFA9AD1BF16FDE00C71D36 /* TYViewStorage.h */ = {isa = PBXFileReference; fileEncoding = 4; lastKnownFileType = sourcecode.c.h; path = TYViewStorage.h; sourceTree = "<group>"; };
		4BEFA9AE1BF16FDE00C71D36 /* TYViewStorage.m */ = {isa = PBXFileReference; fileEncoding = 4; lastKnownFileType = sourcecode.c.objc; path = TYViewStorage.m; sourceTree = "<group>"; };
		4BFA16D61BAA8CB00080AEBA /* PrefixHeader.pch */ = {isa = PBXFileReference; fileEncoding = 4; lastKnownFileType = sourcecode.c.h; path = PrefixHeader.pch; sourceTree = "<group>"; };
/* End PBXFileReference section */

/* Begin PBXFrameworksBuildPhase section */
		4BE982E11BA2CBFB00B62F51 /* Frameworks */ = {
			isa = PBXFrameworksBuildPhase;
			buildActionMask = 2147483647;
			files = (
				4BAC83CD1BF42CE600D45AB3 /* libicucore.dylib in Frameworks */,
				4B2C772F1BE06E5E000968E7 /* libsqlite3.dylib in Frameworks */,
			);
			runOnlyForDeploymentPostprocessing = 0;
		};
		4BE982FA1BA2CBFB00B62F51 /* Frameworks */ = {
			isa = PBXFrameworksBuildPhase;
			buildActionMask = 2147483647;
			files = (
			);
			runOnlyForDeploymentPostprocessing = 0;
		};
/* End PBXFrameworksBuildPhase section */

/* Begin PBXGroup section */
		4BAC83C81BF42BB700D45AB3 /* RegexKit */ = {
			isa = PBXGroup;
			children = (
				4BAC83C91BF42BB700D45AB3 /* RegexKitLite.h */,
				4BAC83CA1BF42BB700D45AB3 /* RegexKitLite.m */,
			);
			name = RegexKit;
			path = Lib/RegexKit;
			sourceTree = "<group>";
		};
		4BB47F371BCF6147009EB765 /* test */ = {
			isa = PBXGroup;
			children = (
				4BB47F381BCF616B009EB765 /* XHTestViewController.h */,
				4BB47F391BCF616B009EB765 /* XHTestViewController.m */,
			);
			name = test;
			sourceTree = "<group>";
		};
		4BE7AF0A1BCBB3AE00A1E410 /* Categories */ = {
			isa = PBXGroup;
			children = (
				4BE7AF0E1BCBB3EC00A1E410 /* NSString+XHNSStringExt.h */,
				4BE7AF0F1BCBB3EC00A1E410 /* NSString+XHNSStringExt.m */,
			);
			path = Categories;
			sourceTree = "<group>";
		};
		4BE982DB1BA2CBFB00B62F51 = {
			isa = PBXGroup;
			children = (
				4BAC83CC1BF42CE600D45AB3 /* libicucore.dylib */,
				4B2C772E1BE06E5E000968E7 /* libsqlite3.dylib */,
				4BE982E61BA2CBFB00B62F51 /* IMForIOS */,
				4BE983001BA2CBFB00B62F51 /* IMForIOSTests */,
				4BE982E51BA2CBFB00B62F51 /* Products */,
			);
			sourceTree = "<group>";
		};
		4BE982E51BA2CBFB00B62F51 /* Products */ = {
			isa = PBXGroup;
			children = (
				4BE982E41BA2CBFB00B62F51 /* IMForIOS.app */,
				4BE982FD1BA2CBFB00B62F51 /* IMForIOSTests.xctest */,
			);
			name = Products;
			sourceTree = "<group>";
		};
		4BE982E61BA2CBFB00B62F51 /* IMForIOS */ = {
			isa = PBXGroup;
			children = (
				4BEED2D01BBA7D6700F3A64D /* Classess */,
				4BE982E71BA2CBFB00B62F51 /* Supporting Files */,
			);
			path = IMForIOS;
			sourceTree = "<group>";
		};
		4BE982E71BA2CBFB00B62F51 /* Supporting Files */ = {
			isa = PBXGroup;
			children = (
				4BAC83CE1BF58EDE00D45AB3 /* defaultEmotion.plist */,
				4B600EB91BEC39020015CFD9 /* Images.xcassets */,
				4BE982E81BA2CBFB00B62F51 /* Info.plist */,
				4BFA16D61BAA8CB00080AEBA /* PrefixHeader.pch */,
			);
			name = "Supporting Files";
			sourceTree = "<group>";
		};
		4BE983001BA2CBFB00B62F51 /* IMForIOSTests */ = {
			isa = PBXGroup;
			children = (
				4BE983031BA2CBFB00B62F51 /* IMForIOSTests.m */,
				4BE983011BA2CBFB00B62F51 /* Supporting Files */,
			);
			path = IMForIOSTests;
			sourceTree = "<group>";
		};
		4BE983011BA2CBFB00B62F51 /* Supporting Files */ = {
			isa = PBXGroup;
			children = (
				4BE983021BA2CBFB00B62F51 /* Info.plist */,
			);
			name = "Supporting Files";
			sourceTree = "<group>";
		};
		4BEED2D01BBA7D6700F3A64D /* Classess */ = {
			isa = PBXGroup;
			children = (
				4BEED2D11BBA7D6700F3A64D /* Contract */,
				4BEED2E21BBA7D6700F3A64D /* main */,
				4BEED2FB1BBA7D6700F3A64D /* Message */,
				4BEED3011BBA7D6700F3A64D /* Myself */,
			);
			path = Classess;
			sourceTree = "<group>";
		};
		4BEED2D11BBA7D6700F3A64D /* Contract */ = {
			isa = PBXGroup;
			children = (
				4BEED2D21BBA7D6700F3A64D /* Controller */,
				4BEED2D51BBA7D6700F3A64D /* Model */,
				4BEED2D81BBA7D6700F3A64D /* View */,
			);
			path = Contract;
			sourceTree = "<group>";
		};
		4BEED2D21BBA7D6700F3A64D /* Controller */ = {
			isa = PBXGroup;
			children = (
				4B2C77361BE1EFEB000968E7 /* XHAddContactController.h */,
				4B600E5A1BE9E3010015CFD9 /* XHAddContactController.m */,
				4BEED2D31BBA7D6700F3A64D /* XHContactViewController.h */,
				4BEED2D41BBA7D6700F3A64D /* XHContactViewController.m */,
				4BB47F451BD48152009EB765 /* XHContactTableController.h */,
				4BB47F461BD48152009EB765 /* XHContactTableController.m */,
				4BB47F471BD48152009EB765 /* XHGroupTableController.h */,
				4BB47F481BD48152009EB765 /* XHGroupTableController.m */,
				4B600E551BE9E2D80015CFD9 /* YXLDetail.h */,
				4B600E561BE9E2D80015CFD9 /* YXLDetail.m */,
			);
			path = Controller;
			sourceTree = "<group>";
		};
		4BEED2D51BBA7D6700F3A64D /* Model */ = {
			isa = PBXGroup;
			children = (
				4BEED2D61BBA7D6700F3A64D /* XHContactModel.h */,
				4BEED2D71BBA7D6700F3A64D /* XHContactModel.m */,
				4BE7AEF51BCB888C00A1E410 /* XHGroupModel.h */,
				4BE7AEF61BCB888C00A1E410 /* XHGroupModel.m */,
			);
			path = Model;
			sourceTree = "<group>";
		};
		4BEED2D81BBA7D6700F3A64D /* View */ = {
			isa = PBXGroup;
			children = (
				4B600E581BE9E2E20015CFD9 /* YXLDetail.xib */,
				4BEED2DC1BBA7D6700F3A64D /* XHContactTableViewCell.h */,
				4BEED2DD1BBA7D6700F3A64D /* XHContactTableViewCell.m */,
				4BEED2DE1BBA7D6700F3A64D /* XHContactTableViewCell.xib */,
			);
			path = View;
			sourceTree = "<group>";
		};
		4BEED2E21BBA7D6700F3A64D /* main */ = {
			isa = PBXGroup;
			children = (
				4BEFA9231BF16FCA00C71D36 /* lib */,
				4BEED3251BBA7EF300F3A64D /* Other */,
				4BEED31B1BBA7EE900F3A64D /* Controller */,
				4BEED2E51BBA7D6700F3A64D /* Category */,
				4BEED2F01BBA7D6700F3A64D /* Model */,
				4BEED2F21BBA7D6700F3A64D /* View */,
			);
			path = main;
			sourceTree = "<group>";
		};
		4BEED2E51BBA7D6700F3A64D /* Category */ = {
			isa = PBXGroup;
			children = (
				4BEED2E61BBA7D6700F3A64D /* UIBarButtonItem+Extension.h */,
				4BEED2E71BBA7D6700F3A64D /* UIBarButtonItem+Extension.m */,
			);
			path = Category;
			sourceTree = "<group>";
		};
		4BEED2F01BBA7D6700F3A64D /* Model */ = {
			isa = PBXGroup;
			children = (
				4BB215E71BD7669100040907 /* XHUserInfo.h */,
				4BB215E81BD7669100040907 /* XHUserInfo.m */,
			);
			path = Model;
			sourceTree = "<group>";
		};
		4BEED2F21BBA7D6700F3A64D /* View */ = {
			isa = PBXGroup;
			children = (
				4BEED2EF1BBA7D6700F3A64D /* Main.storyboard */,
			);
			path = View;
			sourceTree = "<group>";
		};
		4BEED2FB1BBA7D6700F3A64D /* Message */ = {
			isa = PBXGroup;
			children = (
				4BE7AF0A1BCBB3AE00A1E410 /* Categories */,
				4BEED2FC1BBA7D6700F3A64D /* Controller */,
				4BEED2FD1BBA7D6700F3A64D /* Model */,
				4BEED2FE1BBA7D6700F3A64D /* View */,
			);
			path = Message;
			sourceTree = "<group>";
		};
		4BEED2FC1BBA7D6700F3A64D /* Controller */ = {
			isa = PBXGroup;
			children = (
				4BB47F371BCF6147009EB765 /* test */,
				4BE7AEFE1BCBAEF200A1E410 /* XHMessageViewController.h */,
				4BE7AEFF1BCBAEF200A1E410 /* XHMessageViewController.m */,
				4BE7AF011BCBAF4600A1E410 /* XHMessageListController.h */,
				4BE7AF021BCBAF4600A1E410 /* XHMessageListController.m */,
			);
			path = Controller;
			sourceTree = "<group>";
		};
		4BEED2FD1BBA7D6700F3A64D /* Model */ = {
			isa = PBXGroup;
			children = (
				4BE7AF041BCBB07200A1E410 /* XHMessageFrame.h */,
				4BE7AF051BCBB07200A1E410 /* XHMessageFrame.m */,
				4BE7AEFB1BCBA01100A1E410 /* XHChatBean.h */,
				4BE7AEFC1BCBA01100A1E410 /* XHChatBean.m */,
				4B1A04111BF9B36700AC12F7 /* XHEmotion.h */,
				4B1A04121BF9B36700AC12F7 /* XHEmotion.m */,
				4B1A04141BF9BC9D00AC12F7 /* XHEmotionButton.h */,
				4B1A04151BF9BC9D00AC12F7 /* XHEmotionButton.m */,
			);
			path = Model;
			sourceTree = "<group>";
		};
		4BEED2FE1BBA7D6700F3A64D /* View */ = {
			isa = PBXGroup;
			children = (
				4BB47F211BCF30AD009EB765 /* XHMessageListController.xib */,
				4BE7AF071BCBB0CC00A1E410 /* XHMessageCell.h */,
				4BE7AF081BCBB0CC00A1E410 /* XHMessageCell.m */,
				4BB47F3B1BCFA21B009EB765 /* XHMessageViewTableCell.h */,
				4BB47F3C1BCFA21B009EB765 /* XHMessageViewTableCell.m */,
				4BB47F3D1BCFA21B009EB765 /* XHMessageViewTableCell.xib */,
				4B600EBB1BEC3B560015CFD9 /* XHFeature.xib */,
				4B600EBD1BEC44230015CFD9 /* XHFeature.h */,
				4B600EBE1BEC44230015CFD9 /* XHFeature.m */,
				4B1A040E1BF9AF2100AC12F7 /* XHEmotionPageView.h */,
				4B1A040F1BF9AF2100AC12F7 /* XHEmotionPageView.m */,
				4B1A04171BF9C1AB00AC12F7 /* XHEmotionListView.h */,
				4B1A04181BF9C1AB00AC12F7 /* XHEmotionListView.m */,
			);
			path = View;
			sourceTree = "<group>";
		};
		4BEED3011BBA7D6700F3A64D /* Myself */ = {
			isa = PBXGroup;
			children = (
				4BEED3021BBA7D6700F3A64D /* Controller */,
				4BEED3051BBA7D6700F3A64D /* Model */,
				4BEED3061BBA7D6700F3A64D /* View */,
			);
			path = Myself;
			sourceTree = "<group>";
		};
		4BEED3021BBA7D6700F3A64D /* Controller */ = {
			isa = PBXGroup;
			children = (
				4BEED3031BBA7D6700F3A64D /* XHMyselfViewController.h */,
				4BEED3041BBA7D6700F3A64D /* XHMyselfViewController.m */,
			);
			path = Controller;
			sourceTree = "<group>";
		};
		4BEED3051BBA7D6700F3A64D /* Model */ = {
			isa = PBXGroup;
			children = (
			);
			path = Model;
			sourceTree = "<group>";
		};
		4BEED3061BBA7D6700F3A64D /* View */ = {
			isa = PBXGroup;
			children = (
			);
			path = View;
			sourceTree = "<group>";
		};
		4BEED31B1BBA7EE900F3A64D /* Controller */ = {
			isa = PBXGroup;
			children = (
				4BEED31C1BBA7EE900F3A64D /* ViewController.h */,
				4BEED31D1BBA7EE900F3A64D /* ViewController.m */,
				4BEED31E1BBA7EE900F3A64D /* XHNavigationViewController.h */,
				4BEED31F1BBA7EE900F3A64D /* XHNavigationViewController.m */,
				4BEED3201BBA7EE900F3A64D /* XHTabViewController.h */,
				4BEED3211BBA7EE900F3A64D /* XHTabViewController.m */,
			);
			path = Controller;
			sourceTree = "<group>";
		};
		4BEED3251BBA7EF300F3A64D /* Other */ = {
			isa = PBXGroup;
			children = (
				4BEED2EE1BBA7D6700F3A64D /* main.m */,
				4BB47F341BCF3DE7009EB765 /* AppDelegate.h */,
				4BB47F351BCF3DE7009EB765 /* AppDelegate.m */,
				4BEED3261BBA7EF300F3A64D /* XHAsyncSocketClient.h */,
				4BEED3271BBA7EF300F3A64D /* XHAsyncSocketClient.m */,
				4BE7AEF81BCB9B1E00A1E410 /* XHMessageClient.h */,
				4BE7AEF91BCB9B1E00A1E410 /* XHMessageClient.m */,
				4BB215E61BD73A2700040907 /* Singleton.h */,
				4B2C77301BE06FE5000968E7 /* XHDataBaseManager.h */,
				4B2C77311BE06FE5000968E7 /* XHDataBaseManager.m */,
			);
			path = Other;
			sourceTree = "<group>";
		};
		4BEFA9231BF16FCA00C71D36 /* lib */ = {
			isa = PBXGroup;
			children = (
				4BAC83C81BF42BB700D45AB3 /* RegexKit */,
				4BEFA9241BF16FD500C71D36 /* AysncSocket */,
				4BEFA92B1BF16FDE00C71D36 /* fmdb */,
				4BEFA9371BF16FDE00C71D36 /* Masonry */,
				4BEFA94F1BF16FDE00C71D36 /* MBProgessHUD */,
				4BEFA9551BF16FDE00C71D36 /* MJExtension */,
				4BEFA96D1BF16FDE00C71D36 /* MJRefresh */,
				4BEFA99A1BF16FDE00C71D36 /* TYAttributedLabel */,
			);
			name = lib;
			path = ..;
			sourceTree = "<group>";
		};
		4BEFA9241BF16FD500C71D36 /* AysncSocket */ = {
			isa = PBXGroup;
			children = (
				4BEFA9251BF16FD500C71D36 /* AsyncSocket.h */,
				4BEFA9261BF16FD500C71D36 /* AsyncSocket.m */,
				4BEFA9271BF16FD500C71D36 /* AsyncUdpSocket.h */,
				4BEFA9281BF16FD500C71D36 /* AsyncUdpSocket.m */,
			);
			name = AysncSocket;
			path = Lib/AysncSocket;
			sourceTree = "<group>";
		};
		4BEFA92B1BF16FDE00C71D36 /* fmdb */ = {
			isa = PBXGroup;
			children = (
				4BEFA92C1BF16FDE00C71D36 /* FMDatabase.h */,
				4BEFA92D1BF16FDE00C71D36 /* FMDatabase.m */,
				4BEFA92E1BF16FDE00C71D36 /* FMDatabaseAdditions.h */,
				4BEFA92F1BF16FDE00C71D36 /* FMDatabaseAdditions.m */,
				4BEFA9301BF16FDE00C71D36 /* FMDatabasePool.h */,
				4BEFA9311BF16FDE00C71D36 /* FMDatabasePool.m */,
				4BEFA9321BF16FDE00C71D36 /* FMDatabaseQueue.h */,
				4BEFA9331BF16FDE00C71D36 /* FMDatabaseQueue.m */,
				4BEFA9341BF16FDE00C71D36 /* FMDB.h */,
				4BEFA9351BF16FDE00C71D36 /* FMResultSet.h */,
				4BEFA9361BF16FDE00C71D36 /* FMResultSet.m */,
			);
			name = fmdb;
			path = Lib/fmdb;
			sourceTree = "<group>";
		};
		4BEFA9371BF16FDE00C71D36 /* Masonry */ = {
			isa = PBXGroup;
			children = (
				4BEFA9381BF16FDE00C71D36 /* MASCompositeConstraint.h */,
				4BEFA9391BF16FDE00C71D36 /* MASCompositeConstraint.m */,
				4BEFA93A1BF16FDE00C71D36 /* MASConstraint+Private.h */,
				4BEFA93B1BF16FDE00C71D36 /* MASConstraint.h */,
				4BEFA93C1BF16FDE00C71D36 /* MASConstraint.m */,
				4BEFA93D1BF16FDE00C71D36 /* MASConstraintMaker.h */,
				4BEFA93E1BF16FDE00C71D36 /* MASConstraintMaker.m */,
				4BEFA93F1BF16FDE00C71D36 /* MASLayoutConstraint.h */,
				4BEFA9401BF16FDE00C71D36 /* MASLayoutConstraint.m */,
				4BEFA9411BF16FDE00C71D36 /* Masonry.h */,
				4BEFA9421BF16FDE00C71D36 /* MASUtilities.h */,
				4BEFA9431BF16FDE00C71D36 /* MASViewAttribute.h */,
				4BEFA9441BF16FDE00C71D36 /* MASViewAttribute.m */,
				4BEFA9451BF16FDE00C71D36 /* MASViewConstraint.h */,
				4BEFA9461BF16FDE00C71D36 /* MASViewConstraint.m */,
				4BEFA9471BF16FDE00C71D36 /* NSArray+MASAdditions.h */,
				4BEFA9481BF16FDE00C71D36 /* NSArray+MASAdditions.m */,
				4BEFA9491BF16FDE00C71D36 /* NSArray+MASShorthandAdditions.h */,
				4BEFA94A1BF16FDE00C71D36 /* NSLayoutConstraint+MASDebugAdditions.h */,
				4BEFA94B1BF16FDE00C71D36 /* NSLayoutConstraint+MASDebugAdditions.m */,
				4BEFA94C1BF16FDE00C71D36 /* View+MASAdditions.h */,
				4BEFA94D1BF16FDE00C71D36 /* View+MASAdditions.m */,
				4BEFA94E1BF16FDE00C71D36 /* View+MASShorthandAdditions.h */,
			);
			name = Masonry;
			path = Lib/Masonry;
			sourceTree = "<group>";
		};
		4BEFA94F1BF16FDE00C71D36 /* MBProgessHUD */ = {
			isa = PBXGroup;
			children = (
				4BEFA9501BF16FDE00C71D36 /* MBProgressHUD+HM.h */,
				4BEFA9511BF16FDE00C71D36 /* MBProgressHUD+HM.m */,
				4BEFA9521BF16FDE00C71D36 /* MBProgressHUD.bundle */,
				4BEFA9531BF16FDE00C71D36 /* MBProgressHUD.h */,
				4BEFA9541BF16FDE00C71D36 /* MBProgressHUD.m */,
			);
			name = MBProgessHUD;
			path = Lib/MBProgessHUD;
			sourceTree = "<group>";
		};
		4BEFA9551BF16FDE00C71D36 /* MJExtension */ = {
			isa = PBXGroup;
			children = (
				4BEFA9561BF16FDE00C71D36 /* MJDictionaryCache.h */,
				4BEFA9571BF16FDE00C71D36 /* MJDictionaryCache.m */,
				4BEFA9581BF16FDE00C71D36 /* MJExtension.h */,
				4BEFA9591BF16FDE00C71D36 /* MJExtensionConst.h */,
				4BEFA95A1BF16FDE00C71D36 /* MJExtensionConst.m */,
				4BEFA95B1BF16FDE00C71D36 /* MJFoundation.h */,
				4BEFA95C1BF16FDE00C71D36 /* MJFoundation.m */,
				4BEFA95D1BF16FDE00C71D36 /* MJProperty.h */,
				4BEFA95E1BF16FDE00C71D36 /* MJProperty.m */,
				4BEFA95F1BF16FDE00C71D36 /* MJPropertyKey.h */,
				4BEFA9601BF16FDE00C71D36 /* MJPropertyKey.m */,
				4BEFA9611BF16FDE00C71D36 /* MJPropertyType.h */,
				4BEFA9621BF16FDE00C71D36 /* MJPropertyType.m */,
				4BEFA9631BF16FDE00C71D36 /* NSObject+MJClass.h */,
				4BEFA9641BF16FDE00C71D36 /* NSObject+MJClass.m */,
				4BEFA9651BF16FDE00C71D36 /* NSObject+MJCoding.h */,
				4BEFA9661BF16FDE00C71D36 /* NSObject+MJCoding.m */,
				4BEFA9671BF16FDE00C71D36 /* NSObject+MJKeyValue.h */,
				4BEFA9681BF16FDE00C71D36 /* NSObject+MJKeyValue.m */,
				4BEFA9691BF16FDE00C71D36 /* NSObject+MJProperty.h */,
				4BEFA96A1BF16FDE00C71D36 /* NSObject+MJProperty.m */,
				4BEFA96B1BF16FDE00C71D36 /* NSString+MJExtension.h */,
				4BEFA96C1BF16FDE00C71D36 /* NSString+MJExtension.m */,
			);
			name = MJExtension;
			path = Lib/MJExtension;
			sourceTree = "<group>";
		};
		4BEFA96D1BF16FDE00C71D36 /* MJRefresh */ = {
			isa = PBXGroup;
			children = (
				4BEFA96E1BF16FDE00C71D36 /* Base */,
				4BEFA9791BF16FDE00C71D36 /* Custom */,
				4BEFA9901BF16FDE00C71D36 /* MJRefresh.bundle */,
				4BEFA9911BF16FDE00C71D36 /* MJRefresh.h */,
				4BEFA9921BF16FDE00C71D36 /* MJRefreshConst.h */,
				4BEFA9931BF16FDE00C71D36 /* MJRefreshConst.m */,
				4BEFA9941BF16FDE00C71D36 /* UIScrollView+MJExtension.h */,
				4BEFA9951BF16FDE00C71D36 /* UIScrollView+MJExtension.m */,
				4BEFA9961BF16FDE00C71D36 /* UIScrollView+MJRefresh.h */,
				4BEFA9971BF16FDE00C71D36 /* UIScrollView+MJRefresh.m */,
				4BEFA9981BF16FDE00C71D36 /* UIView+MJExtension.h */,
				4BEFA9991BF16FDE00C71D36 /* UIView+MJExtension.m */,
			);
			name = MJRefresh;
			path = Lib/MJRefresh;
			sourceTree = "<group>";
		};
		4BEFA96E1BF16FDE00C71D36 /* Base */ = {
			isa = PBXGroup;
			children = (
				4BEFA96F1BF16FDE00C71D36 /* MJRefreshAutoFooter.h */,
				4BEFA9701BF16FDE00C71D36 /* MJRefreshAutoFooter.m */,
				4BEFA9711BF16FDE00C71D36 /* MJRefreshBackFooter.h */,
				4BEFA9721BF16FDE00C71D36 /* MJRefreshBackFooter.m */,
				4BEFA9731BF16FDE00C71D36 /* MJRefreshComponent.h */,
				4BEFA9741BF16FDE00C71D36 /* MJRefreshComponent.m */,
				4BEFA9751BF16FDE00C71D36 /* MJRefreshFooter.h */,
				4BEFA9761BF16FDE00C71D36 /* MJRefreshFooter.m */,
				4BEFA9771BF16FDE00C71D36 /* MJRefreshHeader.h */,
				4BEFA9781BF16FDE00C71D36 /* MJRefreshHeader.m */,
			);
			path = Base;
			sourceTree = "<group>";
		};
		4BEFA9791BF16FDE00C71D36 /* Custom */ = {
			isa = PBXGroup;
			children = (
				4BEFA97A1BF16FDE00C71D36 /* Footer */,
				4BEFA9891BF16FDE00C71D36 /* Header */,
			);
			path = Custom;
			sourceTree = "<group>";
		};
		4BEFA97A1BF16FDE00C71D36 /* Footer */ = {
			isa = PBXGroup;
			children = (
				4BEFA97B1BF16FDE00C71D36 /* Auto */,
				4BEFA9821BF16FDE00C71D36 /* Back */,
			);
			path = Footer;
			sourceTree = "<group>";
		};
		4BEFA97B1BF16FDE00C71D36 /* Auto */ = {
			isa = PBXGroup;
			children = (
				4BEFA97C1BF16FDE00C71D36 /* MJRefreshAutoGifFooter.h */,
				4BEFA97D1BF16FDE00C71D36 /* MJRefreshAutoGifFooter.m */,
				4BEFA97E1BF16FDE00C71D36 /* MJRefreshAutoNormalFooter.h */,
				4BEFA97F1BF16FDE00C71D36 /* MJRefreshAutoNormalFooter.m */,
				4BEFA9801BF16FDE00C71D36 /* MJRefreshAutoStateFooter.h */,
				4BEFA9811BF16FDE00C71D36 /* MJRefreshAutoStateFooter.m */,
			);
			path = Auto;
			sourceTree = "<group>";
		};
		4BEFA9821BF16FDE00C71D36 /* Back */ = {
			isa = PBXGroup;
			children = (
				4BEFA9831BF16FDE00C71D36 /* MJRefreshBackGifFooter.h */,
				4BEFA9841BF16FDE00C71D36 /* MJRefreshBackGifFooter.m */,
				4BEFA9851BF16FDE00C71D36 /* MJRefreshBackNormalFooter.h */,
				4BEFA9861BF16FDE00C71D36 /* MJRefreshBackNormalFooter.m */,
				4BEFA9871BF16FDE00C71D36 /* MJRefreshBackStateFooter.h */,
				4BEFA9881BF16FDE00C71D36 /* MJRefreshBackStateFooter.m */,
			);
			path = Back;
			sourceTree = "<group>";
		};
		4BEFA9891BF16FDE00C71D36 /* Header */ = {
			isa = PBXGroup;
			children = (
				4BEFA98A1BF16FDE00C71D36 /* MJRefreshGifHeader.h */,
				4BEFA98B1BF16FDE00C71D36 /* MJRefreshGifHeader.m */,
				4BEFA98C1BF16FDE00C71D36 /* MJRefreshNormalHeader.h */,
				4BEFA98D1BF16FDE00C71D36 /* MJRefreshNormalHeader.m */,
				4BEFA98E1BF16FDE00C71D36 /* MJRefreshStateHeader.h */,
				4BEFA98F1BF16FDE00C71D36 /* MJRefreshStateHeader.m */,
			);
			path = Header;
			sourceTree = "<group>";
		};
		4BEFA99A1BF16FDE00C71D36 /* TYAttributedLabel */ = {
			isa = PBXGroup;
			children = (
				4BEFA99B1BF16FDE00C71D36 /* NSMutableAttributedString+TY.h */,
				4BEFA99C1BF16FDE00C71D36 /* NSMutableAttributedString+TY.m */,
				4BEFA99D1BF16FDE00C71D36 /* TYAttributedLabel.h */,
				4BEFA99E1BF16FDE00C71D36 /* TYAttributedLabel.m */,
				4BEFA99F1BF16FDE00C71D36 /* TYDrawStorage.h */,
				4BEFA9A01BF16FDE00C71D36 /* TYDrawStorage.m */,
				4BEFA9A11BF16FDE00C71D36 /* TYImageCache.h */,
				4BEFA9A21BF16FDE00C71D36 /* TYImageCache.m */,
				4BEFA9A31BF16FDE00C71D36 /* TYImageStorage.h */,
				4BEFA9A41BF16FDE00C71D36 /* TYImageStorage.m */,
				4BEFA9A51BF16FDE00C71D36 /* TYLinkTextStorage.h */,
				4BEFA9A61BF16FDE00C71D36 /* TYLinkTextStorage.m */,
				4BEFA9A71BF16FDE00C71D36 /* TYTextContainer+Extended.m */,
				4BEFA9A81BF16FDE00C71D36 /* TYTextContainer.h */,
				4BEFA9A91BF16FDE00C71D36 /* TYTextContainer.m */,
				4BEFA9AA1BF16FDE00C71D36 /* TYTextStorage.h */,
				4BEFA9AB1BF16FDE00C71D36 /* TYTextStorage.m */,
				4BEFA9AC1BF16FDE00C71D36 /* TYTextStorageProtocol.h */,
				4BEFA9AD1BF16FDE00C71D36 /* TYViewStorage.h */,
				4BEFA9AE1BF16FDE00C71D36 /* TYViewStorage.m */,
			);
			name = TYAttributedLabel;
			path = Lib/TYAttributedLabel;
			sourceTree = "<group>";
		};
/* End PBXGroup section */

/* Begin PBXNativeTarget section */
		4BE982E31BA2CBFB00B62F51 /* IMForIOS */ = {
			isa = PBXNativeTarget;
			buildConfigurationList = 4BE983071BA2CBFB00B62F51 /* Build configuration list for PBXNativeTarget "IMForIOS" */;
			buildPhases = (
				4BE982E01BA2CBFB00B62F51 /* Sources */,
				4BE982E11BA2CBFB00B62F51 /* Frameworks */,
				4BE982E21BA2CBFB00B62F51 /* Resources */,
			);
			buildRules = (
			);
			dependencies = (
			);
			name = IMForIOS;
			productName = IMForIOS;
			productReference = 4BE982E41BA2CBFB00B62F51 /* IMForIOS.app */;
			productType = "com.apple.product-type.application";
		};
		4BE982FC1BA2CBFB00B62F51 /* IMForIOSTests */ = {
			isa = PBXNativeTarget;
			buildConfigurationList = 4BE9830A1BA2CBFB00B62F51 /* Build configuration list for PBXNativeTarget "IMForIOSTests" */;
			buildPhases = (
				4BE982F91BA2CBFB00B62F51 /* Sources */,
				4BE982FA1BA2CBFB00B62F51 /* Frameworks */,
				4BE982FB1BA2CBFB00B62F51 /* Resources */,
			);
			buildRules = (
			);
			dependencies = (
				4BE982FF1BA2CBFB00B62F51 /* PBXTargetDependency */,
			);
			name = IMForIOSTests;
			productName = IMForIOSTests;
			productReference = 4BE982FD1BA2CBFB00B62F51 /* IMForIOSTests.xctest */;
			productType = "com.apple.product-type.bundle.unit-test";
		};
/* End PBXNativeTarget section */

/* Begin PBXProject section */
		4BE982DC1BA2CBFB00B62F51 /* Project object */ = {
			isa = PBXProject;
			attributes = {
				CLASSPREFIX = XH;
				LastUpgradeCheck = 0630;
				ORGANIZATIONNAME = XH;
				TargetAttributes = {
					4BE982E31BA2CBFB00B62F51 = {
						CreatedOnToolsVersion = 6.3.2;
					};
					4BE982FC1BA2CBFB00B62F51 = {
						CreatedOnToolsVersion = 6.3.2;
						TestTargetID = 4BE982E31BA2CBFB00B62F51;
					};
				};
			};
			buildConfigurationList = 4BE982DF1BA2CBFB00B62F51 /* Build configuration list for PBXProject "IMForIOS" */;
			compatibilityVersion = "Xcode 3.2";
			developmentRegion = English;
			hasScannedForEncodings = 0;
			knownRegions = (
				en,
				Base,
			);
			mainGroup = 4BE982DB1BA2CBFB00B62F51;
			productRefGroup = 4BE982E51BA2CBFB00B62F51 /* Products */;
			projectDirPath = "";
			projectRoot = "";
			targets = (
				4BE982E31BA2CBFB00B62F51 /* IMForIOS */,
				4BE982FC1BA2CBFB00B62F51 /* IMForIOSTests */,
			);
		};
/* End PBXProject section */

/* Begin PBXResourcesBuildPhase section */
		4BE982E21BA2CBFB00B62F51 /* Resources */ = {
			isa = PBXResourcesBuildPhase;
			buildActionMask = 2147483647;
			files = (
				4B600EBA1BEC39020015CFD9 /* Images.xcassets in Resources */,
				4B600E591BE9E2E20015CFD9 /* YXLDetail.xib in Resources */,
				4BEED3141BBA7D6700F3A64D /* Main.storyboard in Resources */,
				4BAC83CF1BF58EDE00D45AB3 /* defaultEmotion.plist in Resources */,
				4BB47F221BCF30AD009EB765 /* XHMessageListController.xib in Resources */,
				4BEFA9BE1BF16FDF00C71D36 /* MBProgressHUD.bundle in Resources */,
				4BEED30C1BBA7D6700F3A64D /* XHContactTableViewCell.xib in Resources */,
				4B600EBC1BEC3B560015CFD9 /* XHFeature.xib in Resources */,
				4BEFA9D91BF16FDF00C71D36 /* MJRefresh.bundle in Resources */,
				4BB47F3F1BCFA21B009EB765 /* XHMessageViewTableCell.xib in Resources */,
			);
			runOnlyForDeploymentPostprocessing = 0;
		};
		4BE982FB1BA2CBFB00B62F51 /* Resources */ = {
			isa = PBXResourcesBuildPhase;
			buildActionMask = 2147483647;
			files = (
			);
			runOnlyForDeploymentPostprocessing = 0;
		};
/* End PBXResourcesBuildPhase section */

/* Begin PBXSourcesBuildPhase section */
		4BE982E01BA2CBFB00B62F51 /* Sources */ = {
			isa = PBXSourcesBuildPhase;
			buildActionMask = 2147483647;
			files = (
				4BEFA9E01BF16FDF00C71D36 /* TYDrawStorage.m in Sources */,
				4BEFA9BB1BF16FDF00C71D36 /* NSLayoutConstraint+MASDebugAdditions.m in Sources */,
				4BEFA9D01BF16FDF00C71D36 /* MJRefreshAutoGifFooter.m in Sources */,
				4BEED3131BBA7D6700F3A64D /* main.m in Sources */,
				4BEFA9D61BF16FDF00C71D36 /* MJRefreshGifHeader.m in Sources */,
				4BE7AEFD1BCBA01100A1E410 /* XHChatBean.m in Sources */,
				4BB47F4A1BD48152009EB765 /* XHGroupTableController.m in Sources */,
				4BB47F3E1BCFA21B009EB765 /* XHMessageViewTableCell.m in Sources */,
				4BEFA9CA1BF16FDF00C71D36 /* NSString+MJExtension.m in Sources */,
				4BEFA9B41BF16FDF00C71D36 /* MASCompositeConstraint.m in Sources */,
				4BEFA9B81BF16FDF00C71D36 /* MASViewAttribute.m in Sources */,
				4BEED3231BBA7EE900F3A64D /* XHNavigationViewController.m in Sources */,
				4BEED31A1BBA7D6700F3A64D /* XHMyselfViewController.m in Sources */,
				4BE7AF061BCBB07200A1E410 /* XHMessageFrame.m in Sources */,
				4BEFA9B51BF16FDF00C71D36 /* MASConstraint.m in Sources */,
				4BEFA9D11BF16FDF00C71D36 /* MJRefreshAutoNormalFooter.m in Sources */,
				4BEFA9291BF16FD500C71D36 /* AsyncSocket.m in Sources */,
				4BEFA9DD1BF16FDF00C71D36 /* UIView+MJExtension.m in Sources */,
				4BEED3241BBA7EE900F3A64D /* XHTabViewController.m in Sources */,
				4BEFA9C51BF16FDF00C71D36 /* MJPropertyType.m in Sources */,
				4BEFA9DC1BF16FDF00C71D36 /* UIScrollView+MJRefresh.m in Sources */,
				4BEFA9C61BF16FDF00C71D36 /* NSObject+MJClass.m in Sources */,
				4BEFA9B31BF16FDF00C71D36 /* FMResultSet.m in Sources */,
				4BE7AEFA1BCB9B1E00A1E410 /* XHMessageClient.m in Sources */,
				4BEFA9D51BF16FDF00C71D36 /* MJRefreshBackStateFooter.m in Sources */,
				4BEFA9CE1BF16FDF00C71D36 /* MJRefreshFooter.m in Sources */,
				4BEFA9C01BF16FDF00C71D36 /* MJDictionaryCache.m in Sources */,
				4BEFA9BA1BF16FDF00C71D36 /* NSArray+MASAdditions.m in Sources */,
				4BEFA9BD1BF16FDF00C71D36 /* MBProgressHUD+HM.m in Sources */,
				4BEED3281BBA7EF300F3A64D /* XHAsyncSocketClient.m in Sources */,
				4BEFA9E31BF16FDF00C71D36 /* TYLinkTextStorage.m in Sources */,
				4BEFA9D81BF16FDF00C71D36 /* MJRefreshStateHeader.m in Sources */,
				4BEED3101BBA7D6700F3A64D /* UIBarButtonItem+Extension.m in Sources */,
				4BEFA9E21BF16FDF00C71D36 /* TYImageStorage.m in Sources */,
				4BB215E91BD7669100040907 /* XHUserInfo.m in Sources */,
				4BEFA9C91BF16FDF00C71D36 /* NSObject+MJProperty.m in Sources */,
				4B1A04191BF9C1AB00AC12F7 /* XHEmotionListView.m in Sources */,
				4BE7AF001BCBAEF200A1E410 /* XHMessageViewController.m in Sources */,
				4BEFA9DA1BF16FDF00C71D36 /* MJRefreshConst.m in Sources */,
				4BEED3221BBA7EE900F3A64D /* ViewController.m in Sources */,
				4BEFA9C31BF16FDF00C71D36 /* MJProperty.m in Sources */,
				4B1A04101BF9AF2100AC12F7 /* XHEmotionPageView.m in Sources */,
				4BEFA9E41BF16FDF00C71D36 /* TYTextContainer+Extended.m in Sources */,
				4BEFA9DF1BF16FDF00C71D36 /* TYAttributedLabel.m in Sources */,
				4BE7AEF71BCB888C00A1E410 /* XHGroupModel.m in Sources */,
				4BEFA9B71BF16FDF00C71D36 /* MASLayoutConstraint.m in Sources */,
				4BEFA9B11BF16FDF00C71D36 /* FMDatabasePool.m in Sources */,
				4BEFA9CC1BF16FDF00C71D36 /* MJRefreshBackFooter.m in Sources */,
				4BEFA9CD1BF16FDF00C71D36 /* MJRefreshComponent.m in Sources */,
				4BEFA9BF1BF16FDF00C71D36 /* MBProgressHUD.m in Sources */,
				4BEFA9CB1BF16FDF00C71D36 /* MJRefreshAutoFooter.m in Sources */,
				4B600E5B1BE9E3010015CFD9 /* XHAddContactController.m in Sources */,
				4BEED3081BBA7D6700F3A64D /* XHContactModel.m in Sources */,
				4BE7AF091BCBB0CC00A1E410 /* XHMessageCell.m in Sources */,
				4B2C77321BE06FE5000968E7 /* XHDataBaseManager.m in Sources */,
				4BEFA9BC1BF16FDF00C71D36 /* View+MASAdditions.m in Sources */,
				4BEFA9CF1BF16FDF00C71D36 /* MJRefreshHeader.m in Sources */,
				4BEFA9AF1BF16FDF00C71D36 /* FMDatabase.m in Sources */,
				4BB47F361BCF3DE7009EB765 /* AppDelegate.m in Sources */,
				4BEFA9E61BF16FDF00C71D36 /* TYTextStorage.m in Sources */,
				4BEFA9E11BF16FDF00C71D36 /* TYImageCache.m in Sources */,
				4BEFA92A1BF16FD500C71D36 /* AsyncUdpSocket.m in Sources */,
				4BEFA9D21BF16FDF00C71D36 /* MJRefreshAutoStateFooter.m in Sources */,
				4BEFA9B01BF16FDF00C71D36 /* FMDatabaseAdditions.m in Sources */,
				4BEFA9D31BF16FDF00C71D36 /* MJRefreshBackGifFooter.m in Sources */,
				4BE7AF031BCBAF4600A1E410 /* XHMessageListController.m in Sources */,
				4BE7AF101BCBB3EC00A1E410 /* NSString+XHNSStringExt.m in Sources */,
				4BB47F3A1BCF616B009EB765 /* XHTestViewController.m in Sources */,
				4BEFA9DE1BF16FDF00C71D36 /* NSMutableAttributedString+TY.m in Sources */,
				4BEFA9C41BF16FDF00C71D36 /* MJPropertyKey.m in Sources */,
				4BEFA9DB1BF16FDF00C71D36 /* UIScrollView+MJExtension.m in Sources */,
				4BEFA9B91BF16FDF00C71D36 /* MASViewConstraint.m in Sources */,
				4BAC83CB1BF42BB700D45AB3 /* RegexKitLite.m in Sources */,
				4BEFA9C11BF16FDF00C71D36 /* MJExtensionConst.m in Sources */,
				4BB47F491BD48152009EB765 /* XHContactTableController.m in Sources */,
				4BEED30B1BBA7D6700F3A64D /* XHContactTableViewCell.m in Sources */,
				4BEFA9C21BF16FDF00C71D36 /* MJFoundation.m in Sources */,
				4BEFA9D41BF16FDF00C71D36 /* MJRefreshBackNormalFooter.m in Sources */,
				4BEFA9C81BF16FDF00C71D36 /* NSObject+MJKeyValue.m in Sources */,
				4BEFA9B61BF16FDF00C71D36 /* MASConstraintMaker.m in Sources */,
				4B600E571BE9E2D80015CFD9 /* YXLDetail.m in Sources */,
				4BEFA9C71BF16FDF00C71D36 /* NSObject+MJCoding.m in Sources */,
				4B1A04131BF9B36700AC12F7 /* XHEmotion.m in Sources */,
				4BEFA9E71BF16FDF00C71D36 /* TYViewStorage.m in Sources */,
				4BEFA9D71BF16FDF00C71D36 /* MJRefreshNormalHeader.m in Sources */,
				4BEFA9B21BF16FDF00C71D36 /* FMDatabaseQueue.m in Sources */,
				4B1A04161BF9BC9D00AC12F7 /* XHEmotionButton.m in Sources */,
				4BEED3071BBA7D6700F3A64D /* XHContactViewController.m in Sources */,
				4BEFA9E51BF16FDF00C71D36 /* TYTextContainer.m in Sources */,
				4B600EBF1BEC44230015CFD9 /* XHFeature.m in Sources */,
			);
			runOnlyForDeploymentPostprocessing = 0;
		};
		4BE982F91BA2CBFB00B62F51 /* Sources */ = {
			isa = PBXSourcesBuildPhase;
			buildActionMask = 2147483647;
			files = (
				4BE983041BA2CBFB00B62F51 /* IMForIOSTests.m in Sources */,
			);
			runOnlyForDeploymentPostprocessing = 0;
		};
/* End PBXSourcesBuildPhase section */

/* Begin PBXTargetDependency section */
		4BE982FF1BA2CBFB00B62F51 /* PBXTargetDependency */ = {
			isa = PBXTargetDependency;
			target = 4BE982E31BA2CBFB00B62F51 /* IMForIOS */;
			targetProxy = 4BE982FE1BA2CBFB00B62F51 /* PBXContainerItemProxy */;
		};
/* End PBXTargetDependency section */

/* Begin XCBuildConfiguration section */
		4BE983051BA2CBFB00B62F51 /* Debug */ = {
			isa = XCBuildConfiguration;
			buildSettings = {
				ALWAYS_SEARCH_USER_PATHS = NO;
				CLANG_CXX_LANGUAGE_STANDARD = "gnu++0x";
				CLANG_CXX_LIBRARY = "libc++";
				CLANG_ENABLE_MODULES = YES;
				CLANG_ENABLE_OBJC_ARC = YES;
				CLANG_WARN_BOOL_CONVERSION = YES;
				CLANG_WARN_CONSTANT_CONVERSION = YES;
				CLANG_WARN_DIRECT_OBJC_ISA_USAGE = YES_ERROR;
				CLANG_WARN_EMPTY_BODY = YES;
				CLANG_WARN_ENUM_CONVERSION = YES;
				CLANG_WARN_INT_CONVERSION = YES;
				CLANG_WARN_OBJC_ROOT_CLASS = YES_ERROR;
				CLANG_WARN_UNREACHABLE_CODE = YES;
				CLANG_WARN__DUPLICATE_METHOD_MATCH = YES;
				"CODE_SIGN_IDENTITY[sdk=iphoneos*]" = "iPhone Developer";
				COPY_PHASE_STRIP = NO;
				DEBUG_INFORMATION_FORMAT = "dwarf-with-dsym";
				ENABLE_STRICT_OBJC_MSGSEND = YES;
				GCC_C_LANGUAGE_STANDARD = gnu99;
				GCC_DYNAMIC_NO_PIC = NO;
				GCC_NO_COMMON_BLOCKS = YES;
				GCC_OPTIMIZATION_LEVEL = 0;
				GCC_PREPROCESSOR_DEFINITIONS = (
					"DEBUG=1",
					"$(inherited)",
				);
				GCC_SYMBOLS_PRIVATE_EXTERN = NO;
				GCC_WARN_64_TO_32_BIT_CONVERSION = YES;
				GCC_WARN_ABOUT_RETURN_TYPE = YES_ERROR;
				GCC_WARN_UNDECLARED_SELECTOR = YES;
				GCC_WARN_UNINITIALIZED_AUTOS = YES_AGGRESSIVE;
				GCC_WARN_UNUSED_FUNCTION = YES;
				GCC_WARN_UNUSED_VARIABLE = YES;
				IPHONEOS_DEPLOYMENT_TARGET = 8.3;
				MTL_ENABLE_DEBUG_INFO = YES;
				ONLY_ACTIVE_ARCH = YES;
				SDKROOT = iphoneos;
				TARGETED_DEVICE_FAMILY = "1,2";
			};
			name = Debug;
		};
		4BE983061BA2CBFB00B62F51 /* Release */ = {
			isa = XCBuildConfiguration;
			buildSettings = {
				ALWAYS_SEARCH_USER_PATHS = NO;
				CLANG_CXX_LANGUAGE_STANDARD = "gnu++0x";
				CLANG_CXX_LIBRARY = "libc++";
				CLANG_ENABLE_MODULES = YES;
				CLANG_ENABLE_OBJC_ARC = YES;
				CLANG_WARN_BOOL_CONVERSION = YES;
				CLANG_WARN_CONSTANT_CONVERSION = YES;
				CLANG_WARN_DIRECT_OBJC_ISA_USAGE = YES_ERROR;
				CLANG_WARN_EMPTY_BODY = YES;
				CLANG_WARN_ENUM_CONVERSION = YES;
				CLANG_WARN_INT_CONVERSION = YES;
				CLANG_WARN_OBJC_ROOT_CLASS = YES_ERROR;
				CLANG_WARN_UNREACHABLE_CODE = YES;
				CLANG_WARN__DUPLICATE_METHOD_MATCH = YES;
				"CODE_SIGN_IDENTITY[sdk=iphoneos*]" = "iPhone Developer";
				COPY_PHASE_STRIP = NO;
				DEBUG_INFORMATION_FORMAT = "dwarf-with-dsym";
				ENABLE_NS_ASSERTIONS = NO;
				ENABLE_STRICT_OBJC_MSGSEND = YES;
				GCC_C_LANGUAGE_STANDARD = gnu99;
				GCC_NO_COMMON_BLOCKS = YES;
				GCC_WARN_64_TO_32_BIT_CONVERSION = YES;
				GCC_WARN_ABOUT_RETURN_TYPE = YES_ERROR;
				GCC_WARN_UNDECLARED_SELECTOR = YES;
				GCC_WARN_UNINITIALIZED_AUTOS = YES_AGGRESSIVE;
				GCC_WARN_UNUSED_FUNCTION = YES;
				GCC_WARN_UNUSED_VARIABLE = YES;
				IPHONEOS_DEPLOYMENT_TARGET = 8.3;
				MTL_ENABLE_DEBUG_INFO = NO;
				SDKROOT = iphoneos;
				TARGETED_DEVICE_FAMILY = "1,2";
				VALIDATE_PRODUCT = YES;
			};
			name = Release;
		};
		4BE983081BA2CBFB00B62F51 /* Debug */ = {
			isa = XCBuildConfiguration;
			buildSettings = {
				ASSETCATALOG_COMPILER_APPICON_NAME = AppIcon;
				GCC_PRECOMPILE_PREFIX_HEADER = YES;
				GCC_PREFIX_HEADER = "$(SRCROOT)/IMFORIOS/PrefixHeader.pch";
				INFOPLIST_FILE = IMForIOS/Info.plist;
				IPHONEOS_DEPLOYMENT_TARGET = 7.1;
				LD_RUNPATH_SEARCH_PATHS = "$(inherited) @executable_path/Frameworks";
				PRODUCT_NAME = "$(TARGET_NAME)";
				TARGETED_DEVICE_FAMILY = 1;
			};
			name = Debug;
		};
		4BE983091BA2CBFB00B62F51 /* Release */ = {
			isa = XCBuildConfiguration;
			buildSettings = {
				ASSETCATALOG_COMPILER_APPICON_NAME = AppIcon;
				GCC_PRECOMPILE_PREFIX_HEADER = YES;
				GCC_PREFIX_HEADER = "$(SRCROOT)/IMFORIOS/PrefixHeader.pch";
				INFOPLIST_FILE = IMForIOS/Info.plist;
				IPHONEOS_DEPLOYMENT_TARGET = 7.1;
				LD_RUNPATH_SEARCH_PATHS = "$(inherited) @executable_path/Frameworks";
				PRODUCT_NAME = "$(TARGET_NAME)";
				TARGETED_DEVICE_FAMILY = 1;
			};
			name = Release;
		};
		4BE9830B1BA2CBFB00B62F51 /* Debug */ = {
			isa = XCBuildConfiguration;
			buildSettings = {
				BUNDLE_LOADER = "$(TEST_HOST)";
				FRAMEWORK_SEARCH_PATHS = (
					"$(SDKROOT)/Developer/Library/Frameworks",
					"$(inherited)",
				);
				GCC_PREPROCESSOR_DEFINITIONS = (
					"DEBUG=1",
					"$(inherited)",
				);
				INFOPLIST_FILE = IMForIOSTests/Info.plist;
				LD_RUNPATH_SEARCH_PATHS = "$(inherited) @executable_path/Frameworks @loader_path/Frameworks";
				PRODUCT_NAME = "$(TARGET_NAME)";
				TEST_HOST = "$(BUILT_PRODUCTS_DIR)/IMForIOS.app/IMForIOS";
			};
			name = Debug;
		};
		4BE9830C1BA2CBFB00B62F51 /* Release */ = {
			isa = XCBuildConfiguration;
			buildSettings = {
				BUNDLE_LOADER = "$(TEST_HOST)";
				FRAMEWORK_SEARCH_PATHS = (
					"$(SDKROOT)/Developer/Library/Frameworks",
					"$(inherited)",
				);
				INFOPLIST_FILE = IMForIOSTests/Info.plist;
				LD_RUNPATH_SEARCH_PATHS = "$(inherited) @executable_path/Frameworks @loader_path/Frameworks";
				PRODUCT_NAME = "$(TARGET_NAME)";
				TEST_HOST = "$(BUILT_PRODUCTS_DIR)/IMForIOS.app/IMForIOS";
			};
			name = Release;
		};
/* End XCBuildConfiguration section */

/* Begin XCConfigurationList section */
		4BE982DF1BA2CBFB00B62F51 /* Build configuration list for PBXProject "IMForIOS" */ = {
			isa = XCConfigurationList;
			buildConfigurations = (
				4BE983051BA2CBFB00B62F51 /* Debug */,
				4BE983061BA2CBFB00B62F51 /* Release */,
			);
			defaultConfigurationIsVisible = 0;
			defaultConfigurationName = Release;
		};
		4BE983071BA2CBFB00B62F51 /* Build configuration list for PBXNativeTarget "IMForIOS" */ = {
			isa = XCConfigurationList;
			buildConfigurations = (
				4BE983081BA2CBFB00B62F51 /* Debug */,
				4BE983091BA2CBFB00B62F51 /* Release */,
			);
			defaultConfigurationIsVisible = 0;
			defaultConfigurationName = Release;
		};
		4BE9830A1BA2CBFB00B62F51 /* Build configuration list for PBXNativeTarget "IMForIOSTests" */ = {
			isa = XCConfigurationList;
			buildConfigurations = (
				4BE9830B1BA2CBFB00B62F51 /* Debug */,
				4BE9830C1BA2CBFB00B62F51 /* Release */,
			);
			defaultConfigurationIsVisible = 0;
			defaultConfigurationName = Release;
		};
/* End XCConfigurationList section */
	};
	rootObject = 4BE982DC1BA2CBFB00B62F51 /* Project object */;
}
