// !$*UTF8*$!
{
	archiveVersion = 1;
	classes = {
	};
	objectVersion = 46;
	objects = {

/* Begin PBXBuildFile section */
		4BE982EA1BA2CBFB00B62F51 /* main.m in Sources */ = {isa = PBXBuildFile; fileRef = 4BE982E91BA2CBFB00B62F51 /* main.m */; };
		4BE982ED1BA2CBFB00B62F51 /* AppDelegate.m in Sources */ = {isa = PBXBuildFile; fileRef = 4BE982EC1BA2CBFB00B62F51 /* AppDelegate.m */; };
		4BE982F01BA2CBFB00B62F51 /* ViewController.m in Sources */ = {isa = PBXBuildFile; fileRef = 4BE982EF1BA2CBFB00B62F51 /* ViewController.m */; };
		4BE982F31BA2CBFB00B62F51 /* Main.storyboard in Resources */ = {isa = PBXBuildFile; fileRef = 4BE982F11BA2CBFB00B62F51 /* Main.storyboard */; };
		4BE982F51BA2CBFB00B62F51 /* Images.xcassets in Resources */ = {isa = PBXBuildFile; fileRef = 4BE982F41BA2CBFB00B62F51 /* Images.xcassets */; };
		4BE982F81BA2CBFB00B62F51 /* LaunchScreen.xib in Resources */ = {isa = PBXBuildFile; fileRef = 4BE982F61BA2CBFB00B62F51 /* LaunchScreen.xib */; };
		4BE983041BA2CBFB00B62F51 /* IMForIOSTests.m in Sources */ = {isa = PBXBuildFile; fileRef = 4BE983031BA2CBFB00B62F51 /* IMForIOSTests.m */; };
/* End PBXBuildFile section */

/* Begin PBXContainerItemProxy section */
		4BE982FE1BA2CBFB00B62F51 /* PBXContainerItemProxy */ = {
			isa = PBXContainerItemProxy;
			containerPortal = 4BE982DC1BA2CBFB00B62F51 /* Project object */;
			proxyType = 1;
			remoteGlobalIDString = 4BE982E31BA2CBFB00B62F51;
			remoteInfo = IMForIOS;
		};
/* End PBXContainerItemProxy section */

/* Begin PBXFileReference section */
		4BE982E41BA2CBFB00B62F51 /* IMForIOS.app */ = {isa = PBXFileReference; explicitFileType = wrapper.application; includeInIndex = 0; path = IMForIOS.app; sourceTree = BUILT_PRODUCTS_DIR; };
		4BE982E81BA2CBFB00B62F51 /* Info.plist */ = {isa = PBXFileReference; lastKnownFileType = text.plist.xml; path = Info.plist; sourceTree = "<group>"; };
		4BE982E91BA2CBFB00B62F51 /* main.m */ = {isa = PBXFileReference; lastKnownFileType = sourcecode.c.objc; path = main.m; sourceTree = "<group>"; };
		4BE982EB1BA2CBFB00B62F51 /* AppDelegate.h */ = {isa = PBXFileReference; lastKnownFileType = sourcecode.c.h; path = AppDelegate.h; sourceTree = "<group>"; };
		4BE982EC1BA2CBFB00B62F51 /* AppDelegate.m */ = {isa = PBXFileReference; lastKnownFileType = sourcecode.c.objc; path = AppDelegate.m; sourceTree = "<group>"; };
		4BE982EE1BA2CBFB00B62F51 /* ViewController.h */ = {isa = PBXFileReference; lastKnownFileType = sourcecode.c.h; path = ViewController.h; sourceTree = "<group>"; };
		4BE982EF1BA2CBFB00B62F51 /* ViewController.m */ = {isa = PBXFileReference; lastKnownFileType = sourcecode.c.objc; path = ViewController.m; sourceTree = "<group>"; };
		4BE982F21BA2CBFB00B62F51 /* Base */ = {isa = PBXFileReference; lastKnownFileType = file.storyboard; name = Base; path = Base.lproj/Main.storyboard; sourceTree = "<group>"; };
		4BE982F41BA2CBFB00B62F51 /* Images.xcassets */ = {isa = PBXFileReference; lastKnownFileType = folder.assetcatalog; path = Images.xcassets; sourceTree = "<group>"; };
		4BE982F71BA2CBFB00B62F51 /* Base */ = {isa = PBXFileReference; lastKnownFileType = file.xib; name = Base; path = Base.lproj/LaunchScreen.xib; sourceTree = "<group>"; };
		4BE982FD1BA2CBFB00B62F51 /* IMForIOSTests.xctest */ = {isa = PBXFileReference; explicitFileType = wrapper.cfbundle; includeInIndex = 0; path = IMForIOSTests.xctest; sourceTree = BUILT_PRODUCTS_DIR; };
		4BE983021BA2CBFB00B62F51 /* Info.plist */ = {isa = PBXFileReference; lastKnownFileType = text.plist.xml; path = Info.plist; sourceTree = "<group>"; };
		4BE983031BA2CBFB00B62F51 /* IMForIOSTests.m */ = {isa = PBXFileReference; lastKnownFileType = sourcecode.c.objc; path = IMForIOSTests.m; sourceTree = "<group>"; };
/* End PBXFileReference section */

/* Begin PBXFrameworksBuildPhase section */
		4BE982E11BA2CBFB00B62F51 /* Frameworks */ = {
			isa = PBXFrameworksBuildPhase;
			buildActionMask = 2147483647;
			files = (
			);
			runOnlyForDeploymentPostprocessing = 0;
		};
		4BE982FA1BA2CBFB00B62F51 /* Frameworks */ = {
			isa = PBXFrameworksBuildPhase;
			buildActionMask = 2147483647;
			files = (
			);
			runOnlyForDeploymentPostprocessing = 0;
		};
/* End PBXFrameworksBuildPhase section */

/* Begin PBXGroup section */
		4BE982DB1BA2CBFB00B62F51 = {
			isa = PBXGroup;
			children = (
				4BE982E61BA2CBFB00B62F51 /* IMForIOS */,
				4BE983001BA2CBFB00B62F51 /* IMForIOSTests */,
				4BE982E51BA2CBFB00B62F51 /* Products */,
			);
			sourceTree = "<group>";
		};
		4BE982E51BA2CBFB00B62F51 /* Products */ = {
			isa = PBXGroup;
			children = (
				4BE982E41BA2CBFB00B62F51 /* IMForIOS.app */,
				4BE982FD1BA2CBFB00B62F51 /* IMForIOSTests.xctest */,
			);
			name = Products;
			sourceTree = "<group>";
		};
		4BE982E61BA2CBFB00B62F51 /* IMForIOS */ = {
			isa = PBXGroup;
			children = (
				4BE982EB1BA2CBFB00B62F51 /* AppDelegate.h */,
				4BE982EC1BA2CBFB00B62F51 /* AppDelegate.m */,
				4BE982EE1BA2CBFB00B62F51 /* ViewController.h */,
				4BE982EF1BA2CBFB00B62F51 /* ViewController.m */,
				4BE982F11BA2CBFB00B62F51 /* Main.storyboard */,
				4BE982F41BA2CBFB00B62F51 /* Images.xcassets */,
				4BE982F61BA2CBFB00B62F51 /* LaunchScreen.xib */,
				4BE982E71BA2CBFB00B62F51 /* Supporting Files */,
			);
			path = IMForIOS;
			sourceTree = "<group>";
		};
		4BE982E71BA2CBFB00B62F51 /* Supporting Files */ = {
			isa = PBXGroup;
			children = (
				4BE982E81BA2CBFB00B62F51 /* Info.plist */,
				4BE982E91BA2CBFB00B62F51 /* main.m */,
			);
			name = "Supporting Files";
			sourceTree = "<group>";
		};
		4BE983001BA2CBFB00B62F51 /* IMForIOSTests */ = {
			isa = PBXGroup;
			children = (
				4BE983031BA2CBFB00B62F51 /* IMForIOSTests.m */,
				4BE983011BA2CBFB00B62F51 /* Supporting Files */,
			);
			path = IMForIOSTests;
			sourceTree = "<group>";
		};
		4BE983011BA2CBFB00B62F51 /* Supporting Files */ = {
			isa = PBXGroup;
			children = (
				4BE983021BA2CBFB00B62F51 /* Info.plist */,
			);
			name = "Supporting Files";
			sourceTree = "<group>";
		};
/* End PBXGroup section */

/* Begin PBXNativeTarget section */
		4BE982E31BA2CBFB00B62F51 /* IMForIOS */ = {
			isa = PBXNativeTarget;
			buildConfigurationList = 4BE983071BA2CBFB00B62F51 /* Build configuration list for PBXNativeTarget "IMForIOS" */;
			buildPhases = (
				4BE982E01BA2CBFB00B62F51 /* Sources */,
				4BE982E11BA2CBFB00B62F51 /* Frameworks */,
				4BE982E21BA2CBFB00B62F51 /* Resources */,
			);
			buildRules = (
			);
			dependencies = (
			);
			name = IMForIOS;
			productName = IMForIOS;
			productReference = 4BE982E41BA2CBFB00B62F51 /* IMForIOS.app */;
			productType = "com.apple.product-type.application";
		};
		4BE982FC1BA2CBFB00B62F51 /* IMForIOSTests */ = {
			isa = PBXNativeTarget;
			buildConfigurationList = 4BE9830A1BA2CBFB00B62F51 /* Build configuration list for PBXNativeTarget "IMForIOSTests" */;
			buildPhases = (
				4BE982F91BA2CBFB00B62F51 /* Sources */,
				4BE982FA1BA2CBFB00B62F51 /* Frameworks */,
				4BE982FB1BA2CBFB00B62F51 /* Resources */,
			);
			buildRules = (
			);
			dependencies = (
				4BE982FF1BA2CBFB00B62F51 /* PBXTargetDependency */,
			);
			name = IMForIOSTests;
			productName = IMForIOSTests;
			productReference = 4BE982FD1BA2CBFB00B62F51 /* IMForIOSTests.xctest */;
			productType = "com.apple.product-type.bundle.unit-test";
		};
/* End PBXNativeTarget section */

/* Begin PBXProject section */
		4BE982DC1BA2CBFB00B62F51 /* Project object */ = {
			isa = PBXProject;
			attributes = {
				LastUpgradeCheck = 0630;
				ORGANIZATIONNAME = XH;
				TargetAttributes = {
					4BE982E31BA2CBFB00B62F51 = {
						CreatedOnToolsVersion = 6.3.2;
					};
					4BE982FC1BA2CBFB00B62F51 = {
						CreatedOnToolsVersion = 6.3.2;
						TestTargetID = 4BE982E31BA2CBFB00B62F51;
					};
				};
			};
			buildConfigurationList = 4BE982DF1BA2CBFB00B62F51 /* Build configuration list for PBXProject "IMForIOS" */;
			compatibilityVersion = "Xcode 3.2";
			developmentRegion = English;
			hasScannedForEncodings = 0;
			knownRegions = (
				en,
				Base,
			);
			mainGroup = 4BE982DB1BA2CBFB00B62F51;
			productRefGroup = 4BE982E51BA2CBFB00B62F51 /* Products */;
			projectDirPath = "";
			projectRoot = "";
			targets = (
				4BE982E31BA2CBFB00B62F51 /* IMForIOS */,
				4BE982FC1BA2CBFB00B62F51 /* IMForIOSTests */,
			);
		};
/* End PBXProject section */

/* Begin PBXResourcesBuildPhase section */
		4BE982E21BA2CBFB00B62F51 /* Resources */ = {
			isa = PBXResourcesBuildPhase;
			buildActionMask = 2147483647;
			files = (
				4BE982F31BA2CBFB00B62F51 /* Main.storyboard in Resources */,
				4BE982F81BA2CBFB00B62F51 /* LaunchScreen.xib in Resources */,
				4BE982F51BA2CBFB00B62F51 /* Images.xcassets in Resources */,
			);
			runOnlyForDeploymentPostprocessing = 0;
		};
		4BE982FB1BA2CBFB00B62F51 /* Resources */ = {
			isa = PBXResourcesBuildPhase;
			buildActionMask = 2147483647;
			files = (
			);
			runOnlyForDeploymentPostprocessing = 0;
		};
/* End PBXResourcesBuildPhase section */

/* Begin PBXSourcesBuildPhase section */
		4BE982E01BA2CBFB00B62F51 /* Sources */ = {
			isa = PBXSourcesBuildPhase;
			buildActionMask = 2147483647;
			files = (
				4BE982F01BA2CBFB00B62F51 /* ViewController.m in Sources */,
				4BE982ED1BA2CBFB00B62F51 /* AppDelegate.m in Sources */,
				4BE982EA1BA2CBFB00B62F51 /* main.m in Sources */,
			);
			runOnlyForDeploymentPostprocessing = 0;
		};
		4BE982F91BA2CBFB00B62F51 /* Sources */ = {
			isa = PBXSourcesBuildPhase;
			buildActionMask = 2147483647;
			files = (
				4BE983041BA2CBFB00B62F51 /* IMForIOSTests.m in Sources */,
			);
			runOnlyForDeploymentPostprocessing = 0;
		};
/* End PBXSourcesBuildPhase section */

/* Begin PBXTargetDependency section */
		4BE982FF1BA2CBFB00B62F51 /* PBXTargetDependency */ = {
			isa = PBXTargetDependency;
			target = 4BE982E31BA2CBFB00B62F51 /* IMForIOS */;
			targetProxy = 4BE982FE1BA2CBFB00B62F51 /* PBXContainerItemProxy */;
		};
/* End PBXTargetDependency section */

/* Begin PBXVariantGroup section */
		4BE982F11BA2CBFB00B62F51 /* Main.storyboard */ = {
			isa = PBXVariantGroup;
			children = (
				4BE982F21BA2CBFB00B62F51 /* Base */,
			);
			name = Main.storyboard;
			sourceTree = "<group>";
		};
		4BE982F61BA2CBFB00B62F51 /* LaunchScreen.xib */ = {
			isa = PBXVariantGroup;
			children = (
				4BE982F71BA2CBFB00B62F51 /* Base */,
			);
			name = LaunchScreen.xib;
			sourceTree = "<group>";
		};
/* End PBXVariantGroup section */

/* Begin XCBuildConfiguration section */
		4BE983051BA2CBFB00B62F51 /* Debug */ = {
			isa = XCBuildConfiguration;
			buildSettings = {
				ALWAYS_SEARCH_USER_PATHS = NO;
				CLANG_CXX_LANGUAGE_STANDARD = "gnu++0x";
				CLANG_CXX_LIBRARY = "libc++";
				CLANG_ENABLE_MODULES = YES;
				CLANG_ENABLE_OBJC_ARC = YES;
				CLANG_WARN_BOOL_CONVERSION = YES;
				CLANG_WARN_CONSTANT_CONVERSION = YES;
				CLANG_WARN_DIRECT_OBJC_ISA_USAGE = YES_ERROR;
				CLANG_WARN_EMPTY_BODY = YES;
				CLANG_WARN_ENUM_CONVERSION = YES;
				CLANG_WARN_INT_CONVERSION = YES;
				CLANG_WARN_OBJC_ROOT_CLASS = YES_ERROR;
				CLANG_WARN_UNREACHABLE_CODE = YES;
				CLANG_WARN__DUPLICATE_METHOD_MATCH = YES;
				"CODE_SIGN_IDENTITY[sdk=iphoneos*]" = "iPhone Developer";
				COPY_PHASE_STRIP = NO;
				DEBUG_INFORMATION_FORMAT = "dwarf-with-dsym";
				ENABLE_STRICT_OBJC_MSGSEND = YES;
				GCC_C_LANGUAGE_STANDARD = gnu99;
				GCC_DYNAMIC_NO_PIC = NO;
				GCC_NO_COMMON_BLOCKS = YES;
				GCC_OPTIMIZATION_LEVEL = 0;
				GCC_PREPROCESSOR_DEFINITIONS = (
					"DEBUG=1",
					"$(inherited)",
				);
				GCC_SYMBOLS_PRIVATE_EXTERN = NO;
				GCC_WARN_64_TO_32_BIT_CONVERSION = YES;
				GCC_WARN_ABOUT_RETURN_TYPE = YES_ERROR;
				GCC_WARN_UNDECLARED_SELECTOR = YES;
				GCC_WARN_UNINITIALIZED_AUTOS = YES_AGGRESSIVE;
				GCC_WARN_UNUSED_FUNCTION = YES;
				GCC_WARN_UNUSED_VARIABLE = YES;
				IPHONEOS_DEPLOYMENT_TARGET = 8.3;
				MTL_ENABLE_DEBUG_INFO = YES;
				ONLY_ACTIVE_ARCH = YES;
				SDKROOT = iphoneos;
				TARGETED_DEVICE_FAMILY = "1,2";
			};
			name = Debug;
		};
		4BE983061BA2CBFB00B62F51 /* Release */ = {
			isa = XCBuildConfiguration;
			buildSettings = {
				ALWAYS_SEARCH_USER_PATHS = NO;
				CLANG_CXX_LANGUAGE_STANDARD = "gnu++0x";
				CLANG_CXX_LIBRARY = "libc++";
				CLANG_ENABLE_MODULES = YES;
				CLANG_ENABLE_OBJC_ARC = YES;
				CLANG_WARN_BOOL_CONVERSION = YES;
				CLANG_WARN_CONSTANT_CONVERSION = YES;
				CLANG_WARN_DIRECT_OBJC_ISA_USAGE = YES_ERROR;
				CLANG_WARN_EMPTY_BODY = YES;
				CLANG_WARN_ENUM_CONVERSION = YES;
				CLANG_WARN_INT_CONVERSION = YES;
				CLANG_WARN_OBJC_ROOT_CLASS = YES_ERROR;
				CLANG_WARN_UNREACHABLE_CODE = YES;
				CLANG_WARN__DUPLICATE_METHOD_MATCH = YES;
				"CODE_SIGN_IDENTITY[sdk=iphoneos*]" = "iPhone Developer";
				COPY_PHASE_STRIP = NO;
				DEBUG_INFORMATION_FORMAT = "dwarf-with-dsym";
				ENABLE_NS_ASSERTIONS = NO;
				ENABLE_STRICT_OBJC_MSGSEND = YES;
				GCC_C_LANGUAGE_STANDARD = gnu99;
				GCC_NO_COMMON_BLOCKS = YES;
				GCC_WARN_64_TO_32_BIT_CONVERSION = YES;
				GCC_WARN_ABOUT_RETURN_TYPE = YES_ERROR;
				GCC_WARN_UNDECLARED_SELECTOR = YES;
				GCC_WARN_UNINITIALIZED_AUTOS = YES_AGGRESSIVE;
				GCC_WARN_UNUSED_FUNCTION = YES;
				GCC_WARN_UNUSED_VARIABLE = YES;
				IPHONEOS_DEPLOYMENT_TARGET = 8.3;
				MTL_ENABLE_DEBUG_INFO = NO;
				SDKROOT = iphoneos;
				TARGETED_DEVICE_FAMILY = "1,2";
				VALIDATE_PRODUCT = YES;
			};
			name = Release;
		};
		4BE983081BA2CBFB00B62F51 /* Debug */ = {
			isa = XCBuildConfiguration;
			buildSettings = {
				ASSETCATALOG_COMPILER_APPICON_NAME = AppIcon;
				INFOPLIST_FILE = IMForIOS/Info.plist;
				LD_RUNPATH_SEARCH_PATHS = "$(inherited) @executable_path/Frameworks";
				PRODUCT_NAME = "$(TARGET_NAME)";
			};
			name = Debug;
		};
		4BE983091BA2CBFB00B62F51 /* Release */ = {
			isa = XCBuildConfiguration;
			buildSettings = {
				ASSETCATALOG_COMPILER_APPICON_NAME = AppIcon;
				INFOPLIST_FILE = IMForIOS/Info.plist;
				LD_RUNPATH_SEARCH_PATHS = "$(inherited) @executable_path/Frameworks";
				PRODUCT_NAME = "$(TARGET_NAME)";
			};
			name = Release;
		};
		4BE9830B1BA2CBFB00B62F51 /* Debug */ = {
			isa = XCBuildConfiguration;
			buildSettings = {
				BUNDLE_LOADER = "$(TEST_HOST)";
				FRAMEWORK_SEARCH_PATHS = (
					"$(SDKROOT)/Developer/Library/Frameworks",
					"$(inherited)",
				);
				GCC_PREPROCESSOR_DEFINITIONS = (
					"DEBUG=1",
					"$(inherited)",
				);
				INFOPLIST_FILE = IMForIOSTests/Info.plist;
				LD_RUNPATH_SEARCH_PATHS = "$(inherited) @executable_path/Frameworks @loader_path/Frameworks";
				PRODUCT_NAME = "$(TARGET_NAME)";
				TEST_HOST = "$(BUILT_PRODUCTS_DIR)/IMForIOS.app/IMForIOS";
			};
			name = Debug;
		};
		4BE9830C1BA2CBFB00B62F51 /* Release */ = {
			isa = XCBuildConfiguration;
			buildSettings = {
				BUNDLE_LOADER = "$(TEST_HOST)";
				FRAMEWORK_SEARCH_PATHS = (
					"$(SDKROOT)/Developer/Library/Frameworks",
					"$(inherited)",
				);
				INFOPLIST_FILE = IMForIOSTests/Info.plist;
				LD_RUNPATH_SEARCH_PATHS = "$(inherited) @executable_path/Frameworks @loader_path/Frameworks";
				PRODUCT_NAME = "$(TARGET_NAME)";
				TEST_HOST = "$(BUILT_PRODUCTS_DIR)/IMForIOS.app/IMForIOS";
			};
			name = Release;
		};
/* End XCBuildConfiguration section */

/* Begin XCConfigurationList section */
		4BE982DF1BA2CBFB00B62F51 /* Build configuration list for PBXProject "IMForIOS" */ = {
			isa = XCConfigurationList;
			buildConfigurations = (
				4BE983051BA2CBFB00B62F51 /* Debug */,
				4BE983061BA2CBFB00B62F51 /* Release */,
			);
			defaultConfigurationIsVisible = 0;
			defaultConfigurationName = Release;
		};
		4BE983071BA2CBFB00B62F51 /* Build configuration list for PBXNativeTarget "IMForIOS" */ = {
			isa = XCConfigurationList;
			buildConfigurations = (
				4BE983081BA2CBFB00B62F51 /* Debug */,
				4BE983091BA2CBFB00B62F51 /* Release */,
			);
			defaultConfigurationIsVisible = 0;
		};
		4BE9830A1BA2CBFB00B62F51 /* Build configuration list for PBXNativeTarget "IMForIOSTests" */ = {
			isa = XCConfigurationList;
			buildConfigurations = (
				4BE9830B1BA2CBFB00B62F51 /* Debug */,
				4BE9830C1BA2CBFB00B62F51 /* Release */,
			);
			defaultConfigurationIsVisible = 0;
		};
/* End XCConfigurationList section */
	};
	rootObject = 4BE982DC1BA2CBFB00B62F51 /* Project object */;
}
